// !$*UTF8*$!
{
	archiveVersion = 1;
	classes = {
	};
	objectVersion = 54;
	objects = {

/* Begin PBXBuildFile section */
		A40C3FF2245DC9C000B912FF /* MRCTests.m in Sources */ = {isa = PBXBuildFile; fileRef = A40C3FF1245DC9C000B912FF /* MRCTests.m */; settings = {COMPILER_FLAGS = "-fno-objc-arc"; }; };
		A40C3FF3245DCA3E00B912FF /* MRCTests.m in Sources */ = {isa = PBXBuildFile; fileRef = A40C3FF1245DC9C000B912FF /* MRCTests.m */; settings = {COMPILER_FLAGS = "-fno-objc-arc"; }; };
		A40C3FF4245DCA3F00B912FF /* MRCTests.m in Sources */ = {isa = PBXBuildFile; fileRef = A40C3FF1245DC9C000B912FF /* MRCTests.m */; settings = {COMPILER_FLAGS = "-fno-objc-arc"; }; };
		A41F8F782282F70900EF6553 /* BlockHookSampleTests.m in Sources */ = {isa = PBXBuildFile; fileRef = A4399BB1226A20BC00BF15CA /* BlockHookSampleTests.m */; };
		A4399BB2226A20BC00BF15CA /* BlockHookSampleTests.m in Sources */ = {isa = PBXBuildFile; fileRef = A4399BB1226A20BC00BF15CA /* BlockHookSampleTests.m */; };
		A44BAC7D206785C1007BE529 /* BlockHook.h in Headers */ = {isa = PBXBuildFile; fileRef = A46E6C15204467F4000D1DAA /* BlockHook.h */; settings = {ATTRIBUTES = (Public, ); }; };
		A455381A2794456400C2E0A3 /* libffi.xcframework in Frameworks */ = {isa = PBXBuildFile; fileRef = A45538192794456400C2E0A3 /* libffi.xcframework */; };
		A455381B2794456400C2E0A3 /* libffi.xcframework in Frameworks */ = {isa = PBXBuildFile; fileRef = A45538192794456400C2E0A3 /* libffi.xcframework */; };
		A455381C2794456400C2E0A3 /* libffi.xcframework in Frameworks */ = {isa = PBXBuildFile; fileRef = A45538192794456400C2E0A3 /* libffi.xcframework */; };
		A455381D2794456400C2E0A3 /* libffi.xcframework in Frameworks */ = {isa = PBXBuildFile; fileRef = A45538192794456400C2E0A3 /* libffi.xcframework */; };
		A45C5EB622EF4C7D00EEBED2 /* BlockHook.m in Sources */ = {isa = PBXBuildFile; fileRef = A46E6C16204467F4000D1DAA /* BlockHook.m */; };
		A45C5EBF22EF4CEA00EEBED2 /* AppDelegate.m in Sources */ = {isa = PBXBuildFile; fileRef = A45C5EBE22EF4CEA00EEBED2 /* AppDelegate.m */; };
		A45C5EC222EF4CEA00EEBED2 /* ViewController.m in Sources */ = {isa = PBXBuildFile; fileRef = A45C5EC122EF4CEA00EEBED2 /* ViewController.m */; };
		A45C5EC522EF4CEA00EEBED2 /* Main.storyboard in Resources */ = {isa = PBXBuildFile; fileRef = A45C5EC322EF4CEA00EEBED2 /* Main.storyboard */; };
		A45C5EC722EF4CEC00EEBED2 /* Assets.xcassets in Resources */ = {isa = PBXBuildFile; fileRef = A45C5EC622EF4CEC00EEBED2 /* Assets.xcassets */; };
		A45C5ECA22EF4CEC00EEBED2 /* main.m in Sources */ = {isa = PBXBuildFile; fileRef = A45C5EC922EF4CEC00EEBED2 /* main.m */; };
		A45C5ECE22EF4E1C00EEBED2 /* BlockHook.framework in Frameworks */ = {isa = PBXBuildFile; fileRef = A4E7321D2261EA22003D7063 /* BlockHook.framework */; };
		A45C5ECF22EF4E1C00EEBED2 /* BlockHook.framework in Embed Frameworks */ = {isa = PBXBuildFile; fileRef = A4E7321D2261EA22003D7063 /* BlockHook.framework */; settings = {ATTRIBUTES = (CodeSignOnCopy, RemoveHeadersOnCopy, ); }; };
		A45C5EE122EF4EBD00EEBED2 /* BlockHookSampleTests.m in Sources */ = {isa = PBXBuildFile; fileRef = A4399BB1226A20BC00BF15CA /* BlockHookSampleTests.m */; };
		A4619B2A2264C74800A01C0B /* BlockHook.h in Headers */ = {isa = PBXBuildFile; fileRef = A46E6C15204467F4000D1DAA /* BlockHook.h */; settings = {ATTRIBUTES = (Public, ); }; };
		A46E6C002044648A000D1DAA /* AppDelegate.m in Sources */ = {isa = PBXBuildFile; fileRef = A46E6BFF2044648A000D1DAA /* AppDelegate.m */; };
		A46E6C032044648A000D1DAA /* ViewController.m in Sources */ = {isa = PBXBuildFile; fileRef = A46E6C022044648A000D1DAA /* ViewController.m */; };
		A46E6C062044648A000D1DAA /* Main.storyboard in Resources */ = {isa = PBXBuildFile; fileRef = A46E6C042044648A000D1DAA /* Main.storyboard */; };
		A46E6C082044648A000D1DAA /* Assets.xcassets in Resources */ = {isa = PBXBuildFile; fileRef = A46E6C072044648A000D1DAA /* Assets.xcassets */; };
		A46E6C0B2044648A000D1DAA /* LaunchScreen.storyboard in Resources */ = {isa = PBXBuildFile; fileRef = A46E6C092044648A000D1DAA /* LaunchScreen.storyboard */; };
		A46E6C0E2044648A000D1DAA /* main.m in Sources */ = {isa = PBXBuildFile; fileRef = A46E6C0D2044648A000D1DAA /* main.m */; };
		A4E06A35249A14C500FC3CCE /* BHInvocation.m in Sources */ = {isa = PBXBuildFile; fileRef = A4E06A30249A13B300FC3CCE /* BHInvocation.m */; };
		A4E06A36249A14C500FC3CCE /* BHInvocation.m in Sources */ = {isa = PBXBuildFile; fileRef = A4E06A30249A13B300FC3CCE /* BHInvocation.m */; };
		A4E06A37249A14C700FC3CCE /* BHInvocation.m in Sources */ = {isa = PBXBuildFile; fileRef = A4E06A30249A13B300FC3CCE /* BHInvocation.m */; };
		A4E06A38249A14C700FC3CCE /* BHInvocation.m in Sources */ = {isa = PBXBuildFile; fileRef = A4E06A30249A13B300FC3CCE /* BHInvocation.m */; };
		A4E06A3A249A14D300FC3CCE /* BHInvocation+Private.h in Headers */ = {isa = PBXBuildFile; fileRef = A4E06A32249A141100FC3CCE /* BHInvocation+Private.h */; };
		A4E06A3B249A14D300FC3CCE /* BHInvocation+Private.h in Headers */ = {isa = PBXBuildFile; fileRef = A4E06A32249A141100FC3CCE /* BHInvocation+Private.h */; };
		A4E06A3C249A14D400FC3CCE /* BHInvocation+Private.h in Headers */ = {isa = PBXBuildFile; fileRef = A4E06A32249A141100FC3CCE /* BHInvocation+Private.h */; };
		A4E06A3D249A14D400FC3CCE /* BHInvocation+Private.h in Headers */ = {isa = PBXBuildFile; fileRef = A4E06A32249A141100FC3CCE /* BHInvocation+Private.h */; };
		A4E06A3E249A14D800FC3CCE /* BHInvocation.h in Headers */ = {isa = PBXBuildFile; fileRef = A4E06A2F249A13B300FC3CCE /* BHInvocation.h */; settings = {ATTRIBUTES = (Public, ); }; };
		A4E06A3F249A14D800FC3CCE /* BHInvocation.h in Headers */ = {isa = PBXBuildFile; fileRef = A4E06A2F249A13B300FC3CCE /* BHInvocation.h */; settings = {ATTRIBUTES = (Public, ); }; };
		A4E06A40249A14D900FC3CCE /* BHInvocation.h in Headers */ = {isa = PBXBuildFile; fileRef = A4E06A2F249A13B300FC3CCE /* BHInvocation.h */; settings = {ATTRIBUTES = (Public, ); }; };
		A4E06A41249A14D900FC3CCE /* BHInvocation.h in Headers */ = {isa = PBXBuildFile; fileRef = A4E06A2F249A13B300FC3CCE /* BHInvocation.h */; settings = {ATTRIBUTES = (Public, ); }; };
		A4E06A44249A15E700FC3CCE /* BHToken.h in Headers */ = {isa = PBXBuildFile; fileRef = A4E06A42249A15E700FC3CCE /* BHToken.h */; settings = {ATTRIBUTES = (Public, ); }; };
		A4E06A45249A15E700FC3CCE /* BHToken.h in Headers */ = {isa = PBXBuildFile; fileRef = A4E06A42249A15E700FC3CCE /* BHToken.h */; settings = {ATTRIBUTES = (Public, ); }; };
		A4E06A46249A15E700FC3CCE /* BHToken.h in Headers */ = {isa = PBXBuildFile; fileRef = A4E06A42249A15E700FC3CCE /* BHToken.h */; settings = {ATTRIBUTES = (Public, ); }; };
		A4E06A47249A15E700FC3CCE /* BHToken.h in Headers */ = {isa = PBXBuildFile; fileRef = A4E06A42249A15E700FC3CCE /* BHToken.h */; settings = {ATTRIBUTES = (Public, ); }; };
		A4E06A48249A15E700FC3CCE /* BHToken.m in Sources */ = {isa = PBXBuildFile; fileRef = A4E06A43249A15E700FC3CCE /* BHToken.m */; };
		A4E06A49249A15E700FC3CCE /* BHToken.m in Sources */ = {isa = PBXBuildFile; fileRef = A4E06A43249A15E700FC3CCE /* BHToken.m */; };
		A4E06A4A249A15E700FC3CCE /* BHToken.m in Sources */ = {isa = PBXBuildFile; fileRef = A4E06A43249A15E700FC3CCE /* BHToken.m */; };
		A4E06A4B249A15E700FC3CCE /* BHToken.m in Sources */ = {isa = PBXBuildFile; fileRef = A4E06A43249A15E700FC3CCE /* BHToken.m */; };
		A4E06A53249A169100FC3CCE /* BHToken+Private.h in Headers */ = {isa = PBXBuildFile; fileRef = A4E06A51249A169100FC3CCE /* BHToken+Private.h */; };
		A4E06A54249A169100FC3CCE /* BHToken+Private.h in Headers */ = {isa = PBXBuildFile; fileRef = A4E06A51249A169100FC3CCE /* BHToken+Private.h */; };
		A4E06A55249A169100FC3CCE /* BHToken+Private.h in Headers */ = {isa = PBXBuildFile; fileRef = A4E06A51249A169100FC3CCE /* BHToken+Private.h */; };
		A4E06A56249A169100FC3CCE /* BHToken+Private.h in Headers */ = {isa = PBXBuildFile; fileRef = A4E06A51249A169100FC3CCE /* BHToken+Private.h */; };
		A4E06A5D249A16E700FC3CCE /* BHDealloc.h in Headers */ = {isa = PBXBuildFile; fileRef = A4E06A5B249A16E700FC3CCE /* BHDealloc.h */; };
		A4E06A5E249A16E700FC3CCE /* BHDealloc.h in Headers */ = {isa = PBXBuildFile; fileRef = A4E06A5B249A16E700FC3CCE /* BHDealloc.h */; };
		A4E06A5F249A16E700FC3CCE /* BHDealloc.h in Headers */ = {isa = PBXBuildFile; fileRef = A4E06A5B249A16E700FC3CCE /* BHDealloc.h */; };
		A4E06A60249A16E700FC3CCE /* BHDealloc.h in Headers */ = {isa = PBXBuildFile; fileRef = A4E06A5B249A16E700FC3CCE /* BHDealloc.h */; };
		A4E06A61249A16E700FC3CCE /* BHDealloc.m in Sources */ = {isa = PBXBuildFile; fileRef = A4E06A5C249A16E700FC3CCE /* BHDealloc.m */; };
		A4E06A62249A16E700FC3CCE /* BHDealloc.m in Sources */ = {isa = PBXBuildFile; fileRef = A4E06A5C249A16E700FC3CCE /* BHDealloc.m */; };
		A4E06A63249A16E700FC3CCE /* BHDealloc.m in Sources */ = {isa = PBXBuildFile; fileRef = A4E06A5C249A16E700FC3CCE /* BHDealloc.m */; };
		A4E06A64249A16E700FC3CCE /* BHDealloc.m in Sources */ = {isa = PBXBuildFile; fileRef = A4E06A5C249A16E700FC3CCE /* BHDealloc.m */; };
		A4E06A67249A175100FC3CCE /* BHHelper.h in Headers */ = {isa = PBXBuildFile; fileRef = A4E06A65249A175100FC3CCE /* BHHelper.h */; };
		A4E06A68249A175100FC3CCE /* BHHelper.h in Headers */ = {isa = PBXBuildFile; fileRef = A4E06A65249A175100FC3CCE /* BHHelper.h */; };
		A4E06A69249A175100FC3CCE /* BHHelper.h in Headers */ = {isa = PBXBuildFile; fileRef = A4E06A65249A175100FC3CCE /* BHHelper.h */; };
		A4E06A6A249A175100FC3CCE /* BHHelper.h in Headers */ = {isa = PBXBuildFile; fileRef = A4E06A65249A175100FC3CCE /* BHHelper.h */; };
		A4E06A6B249A175100FC3CCE /* BHHelper.m in Sources */ = {isa = PBXBuildFile; fileRef = A4E06A66249A175100FC3CCE /* BHHelper.m */; };
		A4E06A6C249A175100FC3CCE /* BHHelper.m in Sources */ = {isa = PBXBuildFile; fileRef = A4E06A66249A175100FC3CCE /* BHHelper.m */; };
		A4E06A6D249A175100FC3CCE /* BHHelper.m in Sources */ = {isa = PBXBuildFile; fileRef = A4E06A66249A175100FC3CCE /* BHHelper.m */; };
		A4E06A6E249A175100FC3CCE /* BHHelper.m in Sources */ = {isa = PBXBuildFile; fileRef = A4E06A66249A175100FC3CCE /* BHHelper.m */; };
		A4E06A71249A1BCA00FC3CCE /* BHLock.h in Headers */ = {isa = PBXBuildFile; fileRef = A4E06A6F249A1BCA00FC3CCE /* BHLock.h */; };
		A4E06A72249A1BCA00FC3CCE /* BHLock.h in Headers */ = {isa = PBXBuildFile; fileRef = A4E06A6F249A1BCA00FC3CCE /* BHLock.h */; };
		A4E06A73249A1BCA00FC3CCE /* BHLock.h in Headers */ = {isa = PBXBuildFile; fileRef = A4E06A6F249A1BCA00FC3CCE /* BHLock.h */; };
		A4E06A74249A1BCA00FC3CCE /* BHLock.h in Headers */ = {isa = PBXBuildFile; fileRef = A4E06A6F249A1BCA00FC3CCE /* BHLock.h */; };
		A4E06A75249A1BCA00FC3CCE /* BHLock.m in Sources */ = {isa = PBXBuildFile; fileRef = A4E06A70249A1BCA00FC3CCE /* BHLock.m */; };
		A4E06A76249A1BCA00FC3CCE /* BHLock.m in Sources */ = {isa = PBXBuildFile; fileRef = A4E06A70249A1BCA00FC3CCE /* BHLock.m */; };
		A4E06A77249A1BCA00FC3CCE /* BHLock.m in Sources */ = {isa = PBXBuildFile; fileRef = A4E06A70249A1BCA00FC3CCE /* BHLock.m */; };
		A4E06A78249A1BCA00FC3CCE /* BHLock.m in Sources */ = {isa = PBXBuildFile; fileRef = A4E06A70249A1BCA00FC3CCE /* BHLock.m */; };
		A4E06A79249A336200FC3CCE /* BlockHook.m in Sources */ = {isa = PBXBuildFile; fileRef = A46E6C16204467F4000D1DAA /* BlockHook.m */; };
		A4E732062261E644003D7063 /* BlockHook.m in Sources */ = {isa = PBXBuildFile; fileRef = A46E6C16204467F4000D1DAA /* BlockHook.m */; };
		A4E732072261E64C003D7063 /* BlockHook.h in Headers */ = {isa = PBXBuildFile; fileRef = A46E6C15204467F4000D1DAA /* BlockHook.h */; settings = {ATTRIBUTES = (Public, ); }; };
		A4E732092261E70C003D7063 /* BlockHook.framework in Frameworks */ = {isa = PBXBuildFile; fileRef = A4F558882064EE2A00497FFE /* BlockHook.framework */; };
		A4E7320A2261E70C003D7063 /* BlockHook.framework in Embed Frameworks */ = {isa = PBXBuildFile; fileRef = A4F558882064EE2A00497FFE /* BlockHook.framework */; settings = {ATTRIBUTES = (CodeSignOnCopy, RemoveHeadersOnCopy, ); }; };
		A4E732292261FD2A003D7063 /* BlockHook.h in Headers */ = {isa = PBXBuildFile; fileRef = A46E6C15204467F4000D1DAA /* BlockHook.h */; settings = {ATTRIBUTES = (Public, ); }; };
		A4E7325F2263640D003D7063 /* AppDelegate.m in Sources */ = {isa = PBXBuildFile; fileRef = A4E7325E2263640D003D7063 /* AppDelegate.m */; };
		A4E732622263640D003D7063 /* ViewController.m in Sources */ = {isa = PBXBuildFile; fileRef = A4E732612263640D003D7063 /* ViewController.m */; };
		A4E732642263640E003D7063 /* Assets.xcassets in Resources */ = {isa = PBXBuildFile; fileRef = A4E732632263640E003D7063 /* Assets.xcassets */; };
		A4E732672263640E003D7063 /* Main.storyboard in Resources */ = {isa = PBXBuildFile; fileRef = A4E732652263640E003D7063 /* Main.storyboard */; };
		A4E7326A2263640E003D7063 /* main.m in Sources */ = {isa = PBXBuildFile; fileRef = A4E732692263640E003D7063 /* main.m */; };
		A4E73278226370AF003D7063 /* BlockHook.framework in Frameworks */ = {isa = PBXBuildFile; fileRef = A4E731FE2261E5A8003D7063 /* BlockHook.framework */; };
		A4E73279226370AF003D7063 /* BlockHook.framework in Embed Frameworks */ = {isa = PBXBuildFile; fileRef = A4E731FE2261E5A8003D7063 /* BlockHook.framework */; settings = {ATTRIBUTES = (CodeSignOnCopy, RemoveHeadersOnCopy, ); }; };
		A4F558952064EE4B00497FFE /* BlockHook.m in Sources */ = {isa = PBXBuildFile; fileRef = A46E6C16204467F4000D1DAA /* BlockHook.m */; };
/* End PBXBuildFile section */

/* Begin PBXContainerItemProxy section */
		A4399BB4226A20BC00BF15CA /* PBXContainerItemProxy */ = {
			isa = PBXContainerItemProxy;
			containerPortal = A46E6BF320446489000D1DAA /* Project object */;
			proxyType = 1;
			remoteGlobalIDString = A46E6BFA2044648A000D1DAA;
			remoteInfo = "BlockHookSample iOS";
		};
		A4399BC2226A277300BF15CA /* PBXContainerItemProxy */ = {
			isa = PBXContainerItemProxy;
			containerPortal = A46E6BF320446489000D1DAA /* Project object */;
			proxyType = 1;
			remoteGlobalIDString = A4E7325A2263640D003D7063;
			remoteInfo = "BlockHookSample macOS";
		};
		A45C5ED022EF4E1C00EEBED2 /* PBXContainerItemProxy */ = {
			isa = PBXContainerItemProxy;
			containerPortal = A46E6BF320446489000D1DAA /* Project object */;
			proxyType = 1;
			remoteGlobalIDString = A4E7321C2261EA22003D7063;
			remoteInfo = "BlockHook tvOS";
		};
		A45C5EDC22EF4E7A00EEBED2 /* PBXContainerItemProxy */ = {
			isa = PBXContainerItemProxy;
			containerPortal = A46E6BF320446489000D1DAA /* Project object */;
			proxyType = 1;
			remoteGlobalIDString = A45C5EBA22EF4CEA00EEBED2;
			remoteInfo = "BlockHookSample tvOS";
		};
		A4E7320B2261E70C003D7063 /* PBXContainerItemProxy */ = {
			isa = PBXContainerItemProxy;
			containerPortal = A46E6BF320446489000D1DAA /* Project object */;
			proxyType = 1;
			remoteGlobalIDString = A4F558872064EE2A00497FFE;
			remoteInfo = "BlockHook iOS";
		};
		A4E7327A226370AF003D7063 /* PBXContainerItemProxy */ = {
			isa = PBXContainerItemProxy;
			containerPortal = A46E6BF320446489000D1DAA /* Project object */;
			proxyType = 1;
			remoteGlobalIDString = A4E731FD2261E5A8003D7063;
			remoteInfo = "BlockHook macOS";
		};
/* End PBXContainerItemProxy section */

/* Begin PBXCopyFilesBuildPhase section */
		A45C5ED222EF4E1C00EEBED2 /* Embed Frameworks */ = {
			isa = PBXCopyFilesBuildPhase;
			buildActionMask = 2147483647;
			dstPath = "";
			dstSubfolderSpec = 10;
			files = (
				A45C5ECF22EF4E1C00EEBED2 /* BlockHook.framework in Embed Frameworks */,
			);
			name = "Embed Frameworks";
			runOnlyForDeploymentPostprocessing = 0;
		};
		A4E7320D2261E70C003D7063 /* Embed Frameworks */ = {
			isa = PBXCopyFilesBuildPhase;
			buildActionMask = 2147483647;
			dstPath = "";
			dstSubfolderSpec = 10;
			files = (
				A4E7320A2261E70C003D7063 /* BlockHook.framework in Embed Frameworks */,
			);
			name = "Embed Frameworks";
			runOnlyForDeploymentPostprocessing = 0;
		};
		A4E7327C226370AF003D7063 /* Embed Frameworks */ = {
			isa = PBXCopyFilesBuildPhase;
			buildActionMask = 2147483647;
			dstPath = "";
			dstSubfolderSpec = 10;
			files = (
				A4E73279226370AF003D7063 /* BlockHook.framework in Embed Frameworks */,
			);
			name = "Embed Frameworks";
			runOnlyForDeploymentPostprocessing = 0;
		};
/* End PBXCopyFilesBuildPhase section */

/* Begin PBXFileReference section */
		A40C3FF1245DC9C000B912FF /* MRCTests.m */ = {isa = PBXFileReference; lastKnownFileType = sourcecode.c.objc; path = MRCTests.m; sourceTree = "<group>"; };
		A4399BAF226A20BC00BF15CA /* BlockHookSample iOSTests.xctest */ = {isa = PBXFileReference; explicitFileType = wrapper.cfbundle; includeInIndex = 0; path = "BlockHookSample iOSTests.xctest"; sourceTree = BUILT_PRODUCTS_DIR; };
		A4399BB1226A20BC00BF15CA /* BlockHookSampleTests.m */ = {isa = PBXFileReference; lastKnownFileType = sourcecode.c.objc; path = BlockHookSampleTests.m; sourceTree = "<group>"; };
		A4399BB3226A20BC00BF15CA /* Info.plist */ = {isa = PBXFileReference; lastKnownFileType = text.plist.xml; path = Info.plist; sourceTree = "<group>"; };
		A4399BBD226A277300BF15CA /* BlockHookSample macOSTests.xctest */ = {isa = PBXFileReference; explicitFileType = wrapper.cfbundle; includeInIndex = 0; path = "BlockHookSample macOSTests.xctest"; sourceTree = BUILT_PRODUCTS_DIR; };
		A45538192794456400C2E0A3 /* libffi.xcframework */ = {isa = PBXFileReference; lastKnownFileType = wrapper.xcframework; path = libffi.xcframework; sourceTree = "<group>"; };
		A45C5EBB22EF4CEA00EEBED2 /* BlockHookSample tvOS.app */ = {isa = PBXFileReference; explicitFileType = wrapper.application; includeInIndex = 0; path = "BlockHookSample tvOS.app"; sourceTree = BUILT_PRODUCTS_DIR; };
		A45C5EBD22EF4CEA00EEBED2 /* AppDelegate.h */ = {isa = PBXFileReference; lastKnownFileType = sourcecode.c.h; path = AppDelegate.h; sourceTree = "<group>"; };
		A45C5EBE22EF4CEA00EEBED2 /* AppDelegate.m */ = {isa = PBXFileReference; lastKnownFileType = sourcecode.c.objc; path = AppDelegate.m; sourceTree = "<group>"; };
		A45C5EC022EF4CEA00EEBED2 /* ViewController.h */ = {isa = PBXFileReference; lastKnownFileType = sourcecode.c.h; path = ViewController.h; sourceTree = "<group>"; };
		A45C5EC122EF4CEA00EEBED2 /* ViewController.m */ = {isa = PBXFileReference; lastKnownFileType = sourcecode.c.objc; path = ViewController.m; sourceTree = "<group>"; };
		A45C5EC422EF4CEA00EEBED2 /* Base */ = {isa = PBXFileReference; lastKnownFileType = file.storyboard; name = Base; path = Base.lproj/Main.storyboard; sourceTree = "<group>"; };
		A45C5EC622EF4CEC00EEBED2 /* Assets.xcassets */ = {isa = PBXFileReference; lastKnownFileType = folder.assetcatalog; path = Assets.xcassets; sourceTree = "<group>"; };
		A45C5EC822EF4CEC00EEBED2 /* Info.plist */ = {isa = PBXFileReference; lastKnownFileType = text.plist.xml; path = Info.plist; sourceTree = "<group>"; };
		A45C5EC922EF4CEC00EEBED2 /* main.m */ = {isa = PBXFileReference; lastKnownFileType = sourcecode.c.objc; path = main.m; sourceTree = "<group>"; };
		A45C5ED722EF4E7A00EEBED2 /* BlockHookSample tvOSTests.xctest */ = {isa = PBXFileReference; explicitFileType = wrapper.cfbundle; includeInIndex = 0; path = "BlockHookSample tvOSTests.xctest"; sourceTree = BUILT_PRODUCTS_DIR; };
		A4619B222264C40100A01C0B /* BlockHook.framework */ = {isa = PBXFileReference; explicitFileType = wrapper.framework; includeInIndex = 0; path = BlockHook.framework; sourceTree = BUILT_PRODUCTS_DIR; };
		A46E6BFB2044648A000D1DAA /* BlockHookSample iOS.app */ = {isa = PBXFileReference; explicitFileType = wrapper.application; includeInIndex = 0; path = "BlockHookSample iOS.app"; sourceTree = BUILT_PRODUCTS_DIR; };
		A46E6BFE2044648A000D1DAA /* AppDelegate.h */ = {isa = PBXFileReference; lastKnownFileType = sourcecode.c.h; path = AppDelegate.h; sourceTree = "<group>"; };
		A46E6BFF2044648A000D1DAA /* AppDelegate.m */ = {isa = PBXFileReference; lastKnownFileType = sourcecode.c.objc; path = AppDelegate.m; sourceTree = "<group>"; };
		A46E6C012044648A000D1DAA /* ViewController.h */ = {isa = PBXFileReference; lastKnownFileType = sourcecode.c.h; path = ViewController.h; sourceTree = "<group>"; };
		A46E6C022044648A000D1DAA /* ViewController.m */ = {isa = PBXFileReference; lastKnownFileType = sourcecode.c.objc; path = ViewController.m; sourceTree = "<group>"; };
		A46E6C052044648A000D1DAA /* Base */ = {isa = PBXFileReference; lastKnownFileType = file.storyboard; name = Base; path = Base.lproj/Main.storyboard; sourceTree = "<group>"; };
		A46E6C072044648A000D1DAA /* Assets.xcassets */ = {isa = PBXFileReference; lastKnownFileType = folder.assetcatalog; path = Assets.xcassets; sourceTree = "<group>"; };
		A46E6C0A2044648A000D1DAA /* Base */ = {isa = PBXFileReference; lastKnownFileType = file.storyboard; name = Base; path = Base.lproj/LaunchScreen.storyboard; sourceTree = "<group>"; };
		A46E6C0C2044648A000D1DAA /* Info.plist */ = {isa = PBXFileReference; lastKnownFileType = text.plist.xml; path = Info.plist; sourceTree = "<group>"; };
		A46E6C0D2044648A000D1DAA /* main.m */ = {isa = PBXFileReference; lastKnownFileType = sourcecode.c.objc; path = main.m; sourceTree = "<group>"; };
		A46E6C15204467F4000D1DAA /* BlockHook.h */ = {isa = PBXFileReference; lastKnownFileType = sourcecode.c.h; path = BlockHook.h; sourceTree = "<group>"; };
		A46E6C16204467F4000D1DAA /* BlockHook.m */ = {isa = PBXFileReference; lastKnownFileType = sourcecode.c.objc; path = BlockHook.m; sourceTree = "<group>"; };
		A4E06A2F249A13B300FC3CCE /* BHInvocation.h */ = {isa = PBXFileReference; lastKnownFileType = sourcecode.c.h; path = BHInvocation.h; sourceTree = "<group>"; };
		A4E06A30249A13B300FC3CCE /* BHInvocation.m */ = {isa = PBXFileReference; lastKnownFileType = sourcecode.c.objc; path = BHInvocation.m; sourceTree = "<group>"; };
		A4E06A32249A141100FC3CCE /* BHInvocation+Private.h */ = {isa = PBXFileReference; lastKnownFileType = sourcecode.c.h; path = "BHInvocation+Private.h"; sourceTree = "<group>"; };
		A4E06A42249A15E700FC3CCE /* BHToken.h */ = {isa = PBXFileReference; lastKnownFileType = sourcecode.c.h; path = BHToken.h; sourceTree = "<group>"; };
		A4E06A43249A15E700FC3CCE /* BHToken.m */ = {isa = PBXFileReference; lastKnownFileType = sourcecode.c.objc; path = BHToken.m; sourceTree = "<group>"; };
		A4E06A51249A169100FC3CCE /* BHToken+Private.h */ = {isa = PBXFileReference; lastKnownFileType = sourcecode.c.h; path = "BHToken+Private.h"; sourceTree = "<group>"; };
		A4E06A5B249A16E700FC3CCE /* BHDealloc.h */ = {isa = PBXFileReference; lastKnownFileType = sourcecode.c.h; path = BHDealloc.h; sourceTree = "<group>"; };
		A4E06A5C249A16E700FC3CCE /* BHDealloc.m */ = {isa = PBXFileReference; lastKnownFileType = sourcecode.c.objc; path = BHDealloc.m; sourceTree = "<group>"; };
		A4E06A65249A175100FC3CCE /* BHHelper.h */ = {isa = PBXFileReference; lastKnownFileType = sourcecode.c.h; path = BHHelper.h; sourceTree = "<group>"; };
		A4E06A66249A175100FC3CCE /* BHHelper.m */ = {isa = PBXFileReference; lastKnownFileType = sourcecode.c.objc; path = BHHelper.m; sourceTree = "<group>"; };
		A4E06A6F249A1BCA00FC3CCE /* BHLock.h */ = {isa = PBXFileReference; lastKnownFileType = sourcecode.c.h; path = BHLock.h; sourceTree = "<group>"; };
		A4E06A70249A1BCA00FC3CCE /* BHLock.m */ = {isa = PBXFileReference; lastKnownFileType = sourcecode.c.objc; path = BHLock.m; sourceTree = "<group>"; };
		A4E731F72261E360003D7063 /* Info.plist */ = {isa = PBXFileReference; fileEncoding = 4; lastKnownFileType = text.plist.xml; path = Info.plist; sourceTree = "<group>"; };
		A4E731FE2261E5A8003D7063 /* BlockHook.framework */ = {isa = PBXFileReference; explicitFileType = wrapper.framework; includeInIndex = 0; path = BlockHook.framework; sourceTree = BUILT_PRODUCTS_DIR; };
		A4E7321D2261EA22003D7063 /* BlockHook.framework */ = {isa = PBXFileReference; explicitFileType = wrapper.framework; includeInIndex = 0; path = BlockHook.framework; sourceTree = BUILT_PRODUCTS_DIR; };
		A4E7325B2263640D003D7063 /* BlockHookSample macOS.app */ = {isa = PBXFileReference; explicitFileType = wrapper.application; includeInIndex = 0; path = "BlockHookSample macOS.app"; sourceTree = BUILT_PRODUCTS_DIR; };
		A4E7325D2263640D003D7063 /* AppDelegate.h */ = {isa = PBXFileReference; lastKnownFileType = sourcecode.c.h; path = AppDelegate.h; sourceTree = "<group>"; };
		A4E7325E2263640D003D7063 /* AppDelegate.m */ = {isa = PBXFileReference; lastKnownFileType = sourcecode.c.objc; path = AppDelegate.m; sourceTree = "<group>"; };
		A4E732602263640D003D7063 /* ViewController.h */ = {isa = PBXFileReference; lastKnownFileType = sourcecode.c.h; path = ViewController.h; sourceTree = "<group>"; };
		A4E732612263640D003D7063 /* ViewController.m */ = {isa = PBXFileReference; lastKnownFileType = sourcecode.c.objc; path = ViewController.m; sourceTree = "<group>"; };
		A4E732632263640E003D7063 /* Assets.xcassets */ = {isa = PBXFileReference; lastKnownFileType = folder.assetcatalog; path = Assets.xcassets; sourceTree = "<group>"; };
		A4E732662263640E003D7063 /* Base */ = {isa = PBXFileReference; lastKnownFileType = file.storyboard; name = Base; path = Base.lproj/Main.storyboard; sourceTree = "<group>"; };
		A4E732682263640E003D7063 /* Info.plist */ = {isa = PBXFileReference; lastKnownFileType = text.plist.xml; path = Info.plist; sourceTree = "<group>"; };
		A4E732692263640E003D7063 /* main.m */ = {isa = PBXFileReference; lastKnownFileType = sourcecode.c.objc; path = main.m; sourceTree = "<group>"; };
		A4E7326B2263640E003D7063 /* BlockHookSampleMac.entitlements */ = {isa = PBXFileReference; lastKnownFileType = text.plist.entitlements; path = BlockHookSampleMac.entitlements; sourceTree = "<group>"; };
		A4F558882064EE2A00497FFE /* BlockHook.framework */ = {isa = PBXFileReference; explicitFileType = wrapper.framework; includeInIndex = 0; path = BlockHook.framework; sourceTree = BUILT_PRODUCTS_DIR; };
/* End PBXFileReference section */

/* Begin PBXFrameworksBuildPhase section */
		A4399BAC226A20BC00BF15CA /* Frameworks */ = {
			isa = PBXFrameworksBuildPhase;
			buildActionMask = 2147483647;
			files = (
			);
			runOnlyForDeploymentPostprocessing = 0;
		};
		A4399BBA226A277300BF15CA /* Frameworks */ = {
			isa = PBXFrameworksBuildPhase;
			buildActionMask = 2147483647;
			files = (
			);
			runOnlyForDeploymentPostprocessing = 0;
		};
		A45C5EB822EF4CEA00EEBED2 /* Frameworks */ = {
			isa = PBXFrameworksBuildPhase;
			buildActionMask = 2147483647;
			files = (
				A45C5ECE22EF4E1C00EEBED2 /* BlockHook.framework in Frameworks */,
			);
			runOnlyForDeploymentPostprocessing = 0;
		};
		A45C5ED422EF4E7A00EEBED2 /* Frameworks */ = {
			isa = PBXFrameworksBuildPhase;
			buildActionMask = 2147483647;
			files = (
			);
			runOnlyForDeploymentPostprocessing = 0;
		};
		A4619B1F2264C40100A01C0B /* Frameworks */ = {
			isa = PBXFrameworksBuildPhase;
			buildActionMask = 2147483647;
			files = (
				A455381D2794456400C2E0A3 /* libffi.xcframework in Frameworks */,
			);
			runOnlyForDeploymentPostprocessing = 0;
		};
		A46E6BF82044648A000D1DAA /* Frameworks */ = {
			isa = PBXFrameworksBuildPhase;
			buildActionMask = 2147483647;
			files = (
				A4E732092261E70C003D7063 /* BlockHook.framework in Frameworks */,
			);
			runOnlyForDeploymentPostprocessing = 0;
		};
		A4E731FB2261E5A8003D7063 /* Frameworks */ = {
			isa = PBXFrameworksBuildPhase;
			buildActionMask = 2147483647;
			files = (
				A455381B2794456400C2E0A3 /* libffi.xcframework in Frameworks */,
			);
			runOnlyForDeploymentPostprocessing = 0;
		};
		A4E7321A2261EA22003D7063 /* Frameworks */ = {
			isa = PBXFrameworksBuildPhase;
			buildActionMask = 2147483647;
			files = (
				A455381C2794456400C2E0A3 /* libffi.xcframework in Frameworks */,
			);
			runOnlyForDeploymentPostprocessing = 0;
		};
		A4E732582263640D003D7063 /* Frameworks */ = {
			isa = PBXFrameworksBuildPhase;
			buildActionMask = 2147483647;
			files = (
				A4E73278226370AF003D7063 /* BlockHook.framework in Frameworks */,
			);
			runOnlyForDeploymentPostprocessing = 0;
		};
		A4F558842064EE2A00497FFE /* Frameworks */ = {
			isa = PBXFrameworksBuildPhase;
			buildActionMask = 2147483647;
			files = (
				A455381A2794456400C2E0A3 /* libffi.xcframework in Frameworks */,
			);
			runOnlyForDeploymentPostprocessing = 0;
		};
/* End PBXFrameworksBuildPhase section */

/* Begin PBXGroup section */
		A4399BB0226A20BC00BF15CA /* BlockHookSampleTests */ = {
			isa = PBXGroup;
			children = (
				A4399BB1226A20BC00BF15CA /* BlockHookSampleTests.m */,
				A40C3FF1245DC9C000B912FF /* MRCTests.m */,
				A4399BB3226A20BC00BF15CA /* Info.plist */,
			);
			path = BlockHookSampleTests;
			sourceTree = "<group>";
		};
		A45C5EBC22EF4CEA00EEBED2 /* BlockHookSample tvOS */ = {
			isa = PBXGroup;
			children = (
				A45C5EBD22EF4CEA00EEBED2 /* AppDelegate.h */,
				A45C5EBE22EF4CEA00EEBED2 /* AppDelegate.m */,
				A45C5EC022EF4CEA00EEBED2 /* ViewController.h */,
				A45C5EC122EF4CEA00EEBED2 /* ViewController.m */,
				A45C5EC322EF4CEA00EEBED2 /* Main.storyboard */,
				A45C5EC622EF4CEC00EEBED2 /* Assets.xcassets */,
				A45C5EC822EF4CEC00EEBED2 /* Info.plist */,
				A45C5EC922EF4CEC00EEBED2 /* main.m */,
			);
			path = "BlockHookSample tvOS";
			sourceTree = "<group>";
		};
		A46E6BF220446489000D1DAA = {
			isa = PBXGroup;
			children = (
				A45538192794456400C2E0A3 /* libffi.xcframework */,
				A46E6C14204464B7000D1DAA /* BlockHook */,
				A46E6BFD2044648A000D1DAA /* BlockHookSample iOS */,
				A45C5EBC22EF4CEA00EEBED2 /* BlockHookSample tvOS */,
				A4E7325C2263640D003D7063 /* BlockHookSample macOS */,
				A4399BB0226A20BC00BF15CA /* BlockHookSampleTests */,
				A46E6BFC2044648A000D1DAA /* Products */,
				A4F557BC2060ED0A00497FFE /* Frameworks */,
			);
			sourceTree = "<group>";
		};
		A46E6BFC2044648A000D1DAA /* Products */ = {
			isa = PBXGroup;
			children = (
				A46E6BFB2044648A000D1DAA /* BlockHookSample iOS.app */,
				A4F558882064EE2A00497FFE /* BlockHook.framework */,
				A4E731FE2261E5A8003D7063 /* BlockHook.framework */,
				A4E7321D2261EA22003D7063 /* BlockHook.framework */,
				A4E7325B2263640D003D7063 /* BlockHookSample macOS.app */,
				A4619B222264C40100A01C0B /* BlockHook.framework */,
				A4399BAF226A20BC00BF15CA /* BlockHookSample iOSTests.xctest */,
				A4399BBD226A277300BF15CA /* BlockHookSample macOSTests.xctest */,
				A45C5EBB22EF4CEA00EEBED2 /* BlockHookSample tvOS.app */,
				A45C5ED722EF4E7A00EEBED2 /* BlockHookSample tvOSTests.xctest */,
			);
			name = Products;
			sourceTree = "<group>";
		};
		A46E6BFD2044648A000D1DAA /* BlockHookSample iOS */ = {
			isa = PBXGroup;
			children = (
				A46E6BFE2044648A000D1DAA /* AppDelegate.h */,
				A46E6BFF2044648A000D1DAA /* AppDelegate.m */,
				A46E6C012044648A000D1DAA /* ViewController.h */,
				A46E6C022044648A000D1DAA /* ViewController.m */,
				A46E6C042044648A000D1DAA /* Main.storyboard */,
				A46E6C072044648A000D1DAA /* Assets.xcassets */,
				A46E6C092044648A000D1DAA /* LaunchScreen.storyboard */,
				A46E6C0C2044648A000D1DAA /* Info.plist */,
				A46E6C0D2044648A000D1DAA /* main.m */,
			);
			path = "BlockHookSample iOS";
			sourceTree = "<group>";
		};
		A46E6C14204464B7000D1DAA /* BlockHook */ = {
			isa = PBXGroup;
			children = (
				A46E6C15204467F4000D1DAA /* BlockHook.h */,
				A46E6C16204467F4000D1DAA /* BlockHook.m */,
				A4E06A5B249A16E700FC3CCE /* BHDealloc.h */,
				A4E06A5C249A16E700FC3CCE /* BHDealloc.m */,
				A4E06A42249A15E700FC3CCE /* BHToken.h */,
				A4E06A43249A15E700FC3CCE /* BHToken.m */,
				A4E06A51249A169100FC3CCE /* BHToken+Private.h */,
				A4E06A6F249A1BCA00FC3CCE /* BHLock.h */,
				A4E06A70249A1BCA00FC3CCE /* BHLock.m */,
				A4E06A2F249A13B300FC3CCE /* BHInvocation.h */,
				A4E06A30249A13B300FC3CCE /* BHInvocation.m */,
				A4E06A32249A141100FC3CCE /* BHInvocation+Private.h */,
				A4E06A65249A175100FC3CCE /* BHHelper.h */,
				A4E06A66249A175100FC3CCE /* BHHelper.m */,
				A4E731F72261E360003D7063 /* Info.plist */,
			);
			path = BlockHook;
			sourceTree = "<group>";
		};
		A4E7325C2263640D003D7063 /* BlockHookSample macOS */ = {
			isa = PBXGroup;
			children = (
				A4E7325D2263640D003D7063 /* AppDelegate.h */,
				A4E7325E2263640D003D7063 /* AppDelegate.m */,
				A4E732602263640D003D7063 /* ViewController.h */,
				A4E732612263640D003D7063 /* ViewController.m */,
				A4E732632263640E003D7063 /* Assets.xcassets */,
				A4E732652263640E003D7063 /* Main.storyboard */,
				A4E732682263640E003D7063 /* Info.plist */,
				A4E732692263640E003D7063 /* main.m */,
				A4E7326B2263640E003D7063 /* BlockHookSampleMac.entitlements */,
			);
			path = "BlockHookSample macOS";
			sourceTree = "<group>";
		};
		A4F557BC2060ED0A00497FFE /* Frameworks */ = {
			isa = PBXGroup;
			children = (
			);
			name = Frameworks;
			sourceTree = "<group>";
		};
/* End PBXGroup section */

/* Begin PBXHeadersBuildPhase section */
		A4619B1D2264C40100A01C0B /* Headers */ = {
			isa = PBXHeadersBuildPhase;
			buildActionMask = 2147483647;
			files = (
				A4619B2A2264C74800A01C0B /* BlockHook.h in Headers */,
				A4E06A41249A14D900FC3CCE /* BHInvocation.h in Headers */,
				A4E06A60249A16E700FC3CCE /* BHDealloc.h in Headers */,
				A4E06A56249A169100FC3CCE /* BHToken+Private.h in Headers */,
				A4E06A6A249A175100FC3CCE /* BHHelper.h in Headers */,
				A4E06A47249A15E700FC3CCE /* BHToken.h in Headers */,
				A4E06A3D249A14D400FC3CCE /* BHInvocation+Private.h in Headers */,
				A4E06A74249A1BCA00FC3CCE /* BHLock.h in Headers */,
			);
			runOnlyForDeploymentPostprocessing = 0;
		};
		A4E731F92261E5A8003D7063 /* Headers */ = {
			isa = PBXHeadersBuildPhase;
			buildActionMask = 2147483647;
			files = (
				A4E06A3F249A14D800FC3CCE /* BHInvocation.h in Headers */,
				A4E06A5E249A16E700FC3CCE /* BHDealloc.h in Headers */,
				A4E06A54249A169100FC3CCE /* BHToken+Private.h in Headers */,
				A4E06A68249A175100FC3CCE /* BHHelper.h in Headers */,
				A4E06A45249A15E700FC3CCE /* BHToken.h in Headers */,
				A4E06A3B249A14D300FC3CCE /* BHInvocation+Private.h in Headers */,
				A4E06A72249A1BCA00FC3CCE /* BHLock.h in Headers */,
				A4E732072261E64C003D7063 /* BlockHook.h in Headers */,
			);
			runOnlyForDeploymentPostprocessing = 0;
		};
		A4E732182261EA22003D7063 /* Headers */ = {
			isa = PBXHeadersBuildPhase;
			buildActionMask = 2147483647;
			files = (
				A4E06A40249A14D900FC3CCE /* BHInvocation.h in Headers */,
				A4E06A5F249A16E700FC3CCE /* BHDealloc.h in Headers */,
				A4E06A55249A169100FC3CCE /* BHToken+Private.h in Headers */,
				A4E06A69249A175100FC3CCE /* BHHelper.h in Headers */,
				A4E06A46249A15E700FC3CCE /* BHToken.h in Headers */,
				A4E06A3C249A14D400FC3CCE /* BHInvocation+Private.h in Headers */,
				A4E06A73249A1BCA00FC3CCE /* BHLock.h in Headers */,
				A4E732292261FD2A003D7063 /* BlockHook.h in Headers */,
			);
			runOnlyForDeploymentPostprocessing = 0;
		};
		A4F558852064EE2A00497FFE /* Headers */ = {
			isa = PBXHeadersBuildPhase;
			buildActionMask = 2147483647;
			files = (
				A4E06A3E249A14D800FC3CCE /* BHInvocation.h in Headers */,
				A4E06A5D249A16E700FC3CCE /* BHDealloc.h in Headers */,
				A4E06A53249A169100FC3CCE /* BHToken+Private.h in Headers */,
				A4E06A67249A175100FC3CCE /* BHHelper.h in Headers */,
				A4E06A44249A15E700FC3CCE /* BHToken.h in Headers */,
				A4E06A3A249A14D300FC3CCE /* BHInvocation+Private.h in Headers */,
				A4E06A71249A1BCA00FC3CCE /* BHLock.h in Headers */,
				A44BAC7D206785C1007BE529 /* BlockHook.h in Headers */,
			);
			runOnlyForDeploymentPostprocessing = 0;
		};
/* End PBXHeadersBuildPhase section */

/* Begin PBXNativeTarget section */
		A4399BAE226A20BC00BF15CA /* BlockHookSample iOSTests */ = {
			isa = PBXNativeTarget;
			buildConfigurationList = A4399BB8226A20BC00BF15CA /* Build configuration list for PBXNativeTarget "BlockHookSample iOSTests" */;
			buildPhases = (
				A4399BAB226A20BC00BF15CA /* Sources */,
				A4399BAC226A20BC00BF15CA /* Frameworks */,
				A4399BAD226A20BC00BF15CA /* Resources */,
			);
			buildRules = (
			);
			dependencies = (
				A4399BB5226A20BC00BF15CA /* PBXTargetDependency */,
			);
			name = "BlockHookSample iOSTests";
			productName = "BlockHookSample iOSTests";
			productReference = A4399BAF226A20BC00BF15CA /* BlockHookSample iOSTests.xctest */;
			productType = "com.apple.product-type.bundle.unit-test";
		};
		A4399BBC226A277300BF15CA /* BlockHookSample macOSTests */ = {
			isa = PBXNativeTarget;
			buildConfigurationList = A4399BC4226A277300BF15CA /* Build configuration list for PBXNativeTarget "BlockHookSample macOSTests" */;
			buildPhases = (
				A4399BB9226A277300BF15CA /* Sources */,
				A4399BBA226A277300BF15CA /* Frameworks */,
				A4399BBB226A277300BF15CA /* Resources */,
			);
			buildRules = (
			);
			dependencies = (
				A4399BC3226A277300BF15CA /* PBXTargetDependency */,
			);
			name = "BlockHookSample macOSTests";
			productName = "BlockHookSample macOSTests";
			productReference = A4399BBD226A277300BF15CA /* BlockHookSample macOSTests.xctest */;
			productType = "com.apple.product-type.bundle.unit-test";
		};
		A45C5EBA22EF4CEA00EEBED2 /* BlockHookSample tvOS */ = {
			isa = PBXNativeTarget;
			buildConfigurationList = A45C5ECB22EF4CEC00EEBED2 /* Build configuration list for PBXNativeTarget "BlockHookSample tvOS" */;
			buildPhases = (
				A45C5EB722EF4CEA00EEBED2 /* Sources */,
				A45C5EB822EF4CEA00EEBED2 /* Frameworks */,
				A45C5EB922EF4CEA00EEBED2 /* Resources */,
				A45C5ED222EF4E1C00EEBED2 /* Embed Frameworks */,
			);
			buildRules = (
			);
			dependencies = (
				A45C5ED122EF4E1C00EEBED2 /* PBXTargetDependency */,
			);
			name = "BlockHookSample tvOS";
			productName = "BlockHookSample tvOS";
			productReference = A45C5EBB22EF4CEA00EEBED2 /* BlockHookSample tvOS.app */;
			productType = "com.apple.product-type.application";
		};
		A45C5ED622EF4E7A00EEBED2 /* BlockHookSample tvOSTests */ = {
			isa = PBXNativeTarget;
			buildConfigurationList = A45C5EDE22EF4E7A00EEBED2 /* Build configuration list for PBXNativeTarget "BlockHookSample tvOSTests" */;
			buildPhases = (
				A45C5ED322EF4E7A00EEBED2 /* Sources */,
				A45C5ED422EF4E7A00EEBED2 /* Frameworks */,
				A45C5ED522EF4E7A00EEBED2 /* Resources */,
			);
			buildRules = (
			);
			dependencies = (
				A45C5EDD22EF4E7A00EEBED2 /* PBXTargetDependency */,
			);
			name = "BlockHookSample tvOSTests";
			productName = "BlockHookSample tvOSTests";
			productReference = A45C5ED722EF4E7A00EEBED2 /* BlockHookSample tvOSTests.xctest */;
			productType = "com.apple.product-type.bundle.unit-test";
		};
		A4619B212264C40100A01C0B /* BlockHook watchOS */ = {
			isa = PBXNativeTarget;
			buildConfigurationList = A4619B272264C40200A01C0B /* Build configuration list for PBXNativeTarget "BlockHook watchOS" */;
			buildPhases = (
				A4619B1D2264C40100A01C0B /* Headers */,
				A4619B1E2264C40100A01C0B /* Sources */,
				A4619B1F2264C40100A01C0B /* Frameworks */,
				A4619B202264C40100A01C0B /* Resources */,
			);
			buildRules = (
			);
			dependencies = (
			);
			name = "BlockHook watchOS";
			productName = "BlockHook watchOS";
			productReference = A4619B222264C40100A01C0B /* BlockHook.framework */;
			productType = "com.apple.product-type.framework";
		};
		A46E6BFA2044648A000D1DAA /* BlockHookSample iOS */ = {
			isa = PBXNativeTarget;
			buildConfigurationList = A46E6C112044648A000D1DAA /* Build configuration list for PBXNativeTarget "BlockHookSample iOS" */;
			buildPhases = (
				A46E6BF72044648A000D1DAA /* Sources */,
				A46E6BF82044648A000D1DAA /* Frameworks */,
				A46E6BF92044648A000D1DAA /* Resources */,
				A4E7320D2261E70C003D7063 /* Embed Frameworks */,
			);
			buildRules = (
			);
			dependencies = (
				A4E7320C2261E70C003D7063 /* PBXTargetDependency */,
			);
			name = "BlockHookSample iOS";
			productName = BlockHookSample;
			productReference = A46E6BFB2044648A000D1DAA /* BlockHookSample iOS.app */;
			productType = "com.apple.product-type.application";
		};
		A4E731FD2261E5A8003D7063 /* BlockHook macOS */ = {
			isa = PBXNativeTarget;
			buildConfigurationList = A4E732032261E5A8003D7063 /* Build configuration list for PBXNativeTarget "BlockHook macOS" */;
			buildPhases = (
				A4E731F92261E5A8003D7063 /* Headers */,
				A4E731FA2261E5A8003D7063 /* Sources */,
				A4E731FB2261E5A8003D7063 /* Frameworks */,
				A4E731FC2261E5A8003D7063 /* Resources */,
			);
			buildRules = (
			);
			dependencies = (
			);
			name = "BlockHook macOS";
			productName = "BlockHook macOS";
			productReference = A4E731FE2261E5A8003D7063 /* BlockHook.framework */;
			productType = "com.apple.product-type.framework";
		};
		A4E7321C2261EA22003D7063 /* BlockHook tvOS */ = {
			isa = PBXNativeTarget;
			buildConfigurationList = A4E732222261EA22003D7063 /* Build configuration list for PBXNativeTarget "BlockHook tvOS" */;
			buildPhases = (
				A4E732182261EA22003D7063 /* Headers */,
				A4E732192261EA22003D7063 /* Sources */,
				A4E7321A2261EA22003D7063 /* Frameworks */,
				A4E7321B2261EA22003D7063 /* Resources */,
			);
			buildRules = (
			);
			dependencies = (
			);
			name = "BlockHook tvOS";
			productName = "BlockHook tvOS";
			productReference = A4E7321D2261EA22003D7063 /* BlockHook.framework */;
			productType = "com.apple.product-type.framework";
		};
		A4E7325A2263640D003D7063 /* BlockHookSample macOS */ = {
			isa = PBXNativeTarget;
			buildConfigurationList = A4E7326C2263640E003D7063 /* Build configuration list for PBXNativeTarget "BlockHookSample macOS" */;
			buildPhases = (
				A4E732572263640D003D7063 /* Sources */,
				A4E732582263640D003D7063 /* Frameworks */,
				A4E732592263640D003D7063 /* Resources */,
				A4E7327C226370AF003D7063 /* Embed Frameworks */,
			);
			buildRules = (
			);
			dependencies = (
				A4E7327B226370AF003D7063 /* PBXTargetDependency */,
			);
			name = "BlockHookSample macOS";
			productName = BlockHookSampleMac;
			productReference = A4E7325B2263640D003D7063 /* BlockHookSample macOS.app */;
			productType = "com.apple.product-type.application";
		};
		A4F558872064EE2A00497FFE /* BlockHook iOS */ = {
			isa = PBXNativeTarget;
			buildConfigurationList = A4F558942064EE2A00497FFE /* Build configuration list for PBXNativeTarget "BlockHook iOS" */;
			buildPhases = (
				A4F558832064EE2A00497FFE /* Sources */,
				A4F558842064EE2A00497FFE /* Frameworks */,
				A4F558852064EE2A00497FFE /* Headers */,
				A4F558862064EE2A00497FFE /* Resources */,
			);
			buildRules = (
			);
			dependencies = (
			);
			name = "BlockHook iOS";
			productName = BlockHookKit;
			productReference = A4F558882064EE2A00497FFE /* BlockHook.framework */;
			productType = "com.apple.product-type.framework";
		};
/* End PBXNativeTarget section */

/* Begin PBXProject section */
		A46E6BF320446489000D1DAA /* Project object */ = {
			isa = PBXProject;
			attributes = {
				BuildIndependentTargetsInParallel = YES;
				LastUpgradeCheck = 1520;
				ORGANIZATIONNAME = "杨萧玉";
				TargetAttributes = {
					A4399BAE226A20BC00BF15CA = {
						CreatedOnToolsVersion = 10.2.1;
						ProvisioningStyle = Automatic;
						TestTargetID = A46E6BFA2044648A000D1DAA;
					};
					A4399BBC226A277300BF15CA = {
						CreatedOnToolsVersion = 10.2.1;
						ProvisioningStyle = Automatic;
						TestTargetID = A4E7325A2263640D003D7063;
					};
					A45C5EBA22EF4CEA00EEBED2 = {
						CreatedOnToolsVersion = 10.3;
						ProvisioningStyle = Automatic;
					};
					A45C5ED622EF4E7A00EEBED2 = {
						CreatedOnToolsVersion = 10.3;
						ProvisioningStyle = Automatic;
						TestTargetID = A45C5EBA22EF4CEA00EEBED2;
					};
					A4619B212264C40100A01C0B = {
						CreatedOnToolsVersion = 10.2;
						ProvisioningStyle = Automatic;
					};
					A46E6BFA2044648A000D1DAA = {
						CreatedOnToolsVersion = 9.2;
						ProvisioningStyle = Automatic;
					};
					A4E731FD2261E5A8003D7063 = {
						CreatedOnToolsVersion = 10.2;
						ProvisioningStyle = Automatic;
					};
					A4E7321C2261EA22003D7063 = {
						CreatedOnToolsVersion = 10.2;
						ProvisioningStyle = Automatic;
					};
					A4E7325A2263640D003D7063 = {
						CreatedOnToolsVersion = 10.2;
						ProvisioningStyle = Automatic;
					};
					A4F558872064EE2A00497FFE = {
						CreatedOnToolsVersion = 9.2;
						ProvisioningStyle = Automatic;
					};
				};
			};
			buildConfigurationList = A46E6BF620446489000D1DAA /* Build configuration list for PBXProject "BlockHookSample" */;
			compatibilityVersion = "Xcode 8.0";
			developmentRegion = en;
			hasScannedForEncodings = 0;
			knownRegions = (
				en,
				Base,
			);
			mainGroup = A46E6BF220446489000D1DAA;
			productRefGroup = A46E6BFC2044648A000D1DAA /* Products */;
			projectDirPath = "";
			projectRoot = "";
			targets = (
				A46E6BFA2044648A000D1DAA /* BlockHookSample iOS */,
				A45C5EBA22EF4CEA00EEBED2 /* BlockHookSample tvOS */,
				A4E7325A2263640D003D7063 /* BlockHookSample macOS */,
				A4F558872064EE2A00497FFE /* BlockHook iOS */,
				A4E731FD2261E5A8003D7063 /* BlockHook macOS */,
				A4E7321C2261EA22003D7063 /* BlockHook tvOS */,
				A4619B212264C40100A01C0B /* BlockHook watchOS */,
				A4399BAE226A20BC00BF15CA /* BlockHookSample iOSTests */,
				A4399BBC226A277300BF15CA /* BlockHookSample macOSTests */,
				A45C5ED622EF4E7A00EEBED2 /* BlockHookSample tvOSTests */,
			);
		};
/* End PBXProject section */

/* Begin PBXResourcesBuildPhase section */
		A4399BAD226A20BC00BF15CA /* Resources */ = {
			isa = PBXResourcesBuildPhase;
			buildActionMask = 2147483647;
			files = (
			);
			runOnlyForDeploymentPostprocessing = 0;
		};
		A4399BBB226A277300BF15CA /* Resources */ = {
			isa = PBXResourcesBuildPhase;
			buildActionMask = 2147483647;
			files = (
			);
			runOnlyForDeploymentPostprocessing = 0;
		};
		A45C5EB922EF4CEA00EEBED2 /* Resources */ = {
			isa = PBXResourcesBuildPhase;
			buildActionMask = 2147483647;
			files = (
				A45C5EC722EF4CEC00EEBED2 /* Assets.xcassets in Resources */,
				A45C5EC522EF4CEA00EEBED2 /* Main.storyboard in Resources */,
			);
			runOnlyForDeploymentPostprocessing = 0;
		};
		A45C5ED522EF4E7A00EEBED2 /* Resources */ = {
			isa = PBXResourcesBuildPhase;
			buildActionMask = 2147483647;
			files = (
			);
			runOnlyForDeploymentPostprocessing = 0;
		};
		A4619B202264C40100A01C0B /* Resources */ = {
			isa = PBXResourcesBuildPhase;
			buildActionMask = 2147483647;
			files = (
			);
			runOnlyForDeploymentPostprocessing = 0;
		};
		A46E6BF92044648A000D1DAA /* Resources */ = {
			isa = PBXResourcesBuildPhase;
			buildActionMask = 2147483647;
			files = (
				A46E6C0B2044648A000D1DAA /* LaunchScreen.storyboard in Resources */,
				A46E6C082044648A000D1DAA /* Assets.xcassets in Resources */,
				A46E6C062044648A000D1DAA /* Main.storyboard in Resources */,
			);
			runOnlyForDeploymentPostprocessing = 0;
		};
		A4E731FC2261E5A8003D7063 /* Resources */ = {
			isa = PBXResourcesBuildPhase;
			buildActionMask = 2147483647;
			files = (
			);
			runOnlyForDeploymentPostprocessing = 0;
		};
		A4E7321B2261EA22003D7063 /* Resources */ = {
			isa = PBXResourcesBuildPhase;
			buildActionMask = 2147483647;
			files = (
			);
			runOnlyForDeploymentPostprocessing = 0;
		};
		A4E732592263640D003D7063 /* Resources */ = {
			isa = PBXResourcesBuildPhase;
			buildActionMask = 2147483647;
			files = (
				A4E732642263640E003D7063 /* Assets.xcassets in Resources */,
				A4E732672263640E003D7063 /* Main.storyboard in Resources */,
			);
			runOnlyForDeploymentPostprocessing = 0;
		};
		A4F558862064EE2A00497FFE /* Resources */ = {
			isa = PBXResourcesBuildPhase;
			buildActionMask = 2147483647;
			files = (
			);
			runOnlyForDeploymentPostprocessing = 0;
		};
/* End PBXResourcesBuildPhase section */

/* Begin PBXSourcesBuildPhase section */
		A4399BAB226A20BC00BF15CA /* Sources */ = {
			isa = PBXSourcesBuildPhase;
			buildActionMask = 2147483647;
			files = (
				A40C3FF2245DC9C000B912FF /* MRCTests.m in Sources */,
				A4399BB2226A20BC00BF15CA /* BlockHookSampleTests.m in Sources */,
			);
			runOnlyForDeploymentPostprocessing = 0;
		};
		A4399BB9226A277300BF15CA /* Sources */ = {
			isa = PBXSourcesBuildPhase;
			buildActionMask = 2147483647;
			files = (
				A40C3FF3245DCA3E00B912FF /* MRCTests.m in Sources */,
				A41F8F782282F70900EF6553 /* BlockHookSampleTests.m in Sources */,
			);
			runOnlyForDeploymentPostprocessing = 0;
		};
		A45C5EB722EF4CEA00EEBED2 /* Sources */ = {
			isa = PBXSourcesBuildPhase;
			buildActionMask = 2147483647;
			files = (
				A45C5EC222EF4CEA00EEBED2 /* ViewController.m in Sources */,
				A45C5ECA22EF4CEC00EEBED2 /* main.m in Sources */,
				A45C5EBF22EF4CEA00EEBED2 /* AppDelegate.m in Sources */,
			);
			runOnlyForDeploymentPostprocessing = 0;
		};
		A45C5ED322EF4E7A00EEBED2 /* Sources */ = {
			isa = PBXSourcesBuildPhase;
			buildActionMask = 2147483647;
			files = (
				A40C3FF4245DCA3F00B912FF /* MRCTests.m in Sources */,
				A45C5EE122EF4EBD00EEBED2 /* BlockHookSampleTests.m in Sources */,
			);
			runOnlyForDeploymentPostprocessing = 0;
		};
		A4619B1E2264C40100A01C0B /* Sources */ = {
			isa = PBXSourcesBuildPhase;
			buildActionMask = 2147483647;
			files = (
				A4E06A79249A336200FC3CCE /* BlockHook.m in Sources */,
				A4E06A64249A16E700FC3CCE /* BHDealloc.m in Sources */,
				A4E06A78249A1BCA00FC3CCE /* BHLock.m in Sources */,
				A4E06A38249A14C700FC3CCE /* BHInvocation.m in Sources */,
				A4E06A4B249A15E700FC3CCE /* BHToken.m in Sources */,
				A4E06A6E249A175100FC3CCE /* BHHelper.m in Sources */,
			);
			runOnlyForDeploymentPostprocessing = 0;
		};
		A46E6BF72044648A000D1DAA /* Sources */ = {
			isa = PBXSourcesBuildPhase;
			buildActionMask = 2147483647;
			files = (
				A46E6C032044648A000D1DAA /* ViewController.m in Sources */,
				A46E6C0E2044648A000D1DAA /* main.m in Sources */,
				A46E6C002044648A000D1DAA /* AppDelegate.m in Sources */,
			);
			runOnlyForDeploymentPostprocessing = 0;
		};
		A4E731FA2261E5A8003D7063 /* Sources */ = {
			isa = PBXSourcesBuildPhase;
			buildActionMask = 2147483647;
			files = (
				A4E06A76249A1BCA00FC3CCE /* BHLock.m in Sources */,
				A4E06A62249A16E700FC3CCE /* BHDealloc.m in Sources */,
				A4E732062261E644003D7063 /* BlockHook.m in Sources */,
				A4E06A36249A14C500FC3CCE /* BHInvocation.m in Sources */,
				A4E06A49249A15E700FC3CCE /* BHToken.m in Sources */,
				A4E06A6C249A175100FC3CCE /* BHHelper.m in Sources */,
			);
			runOnlyForDeploymentPostprocessing = 0;
		};
		A4E732192261EA22003D7063 /* Sources */ = {
			isa = PBXSourcesBuildPhase;
			buildActionMask = 2147483647;
			files = (
				A4E06A77249A1BCA00FC3CCE /* BHLock.m in Sources */,
				A4E06A63249A16E700FC3CCE /* BHDealloc.m in Sources */,
				A45C5EB622EF4C7D00EEBED2 /* BlockHook.m in Sources */,
				A4E06A35249A14C500FC3CCE /* BHInvocation.m in Sources */,
				A4E06A4A249A15E700FC3CCE /* BHToken.m in Sources */,
				A4E06A6D249A175100FC3CCE /* BHHelper.m in Sources */,
			);
			runOnlyForDeploymentPostprocessing = 0;
		};
		A4E732572263640D003D7063 /* Sources */ = {
			isa = PBXSourcesBuildPhase;
			buildActionMask = 2147483647;
			files = (
				A4E732622263640D003D7063 /* ViewController.m in Sources */,
				A4E7326A2263640E003D7063 /* main.m in Sources */,
				A4E7325F2263640D003D7063 /* AppDelegate.m in Sources */,
			);
			runOnlyForDeploymentPostprocessing = 0;
		};
		A4F558832064EE2A00497FFE /* Sources */ = {
			isa = PBXSourcesBuildPhase;
			buildActionMask = 2147483647;
			files = (
				A4E06A75249A1BCA00FC3CCE /* BHLock.m in Sources */,
				A4E06A61249A16E700FC3CCE /* BHDealloc.m in Sources */,
				A4F558952064EE4B00497FFE /* BlockHook.m in Sources */,
				A4E06A37249A14C700FC3CCE /* BHInvocation.m in Sources */,
				A4E06A48249A15E700FC3CCE /* BHToken.m in Sources */,
				A4E06A6B249A175100FC3CCE /* BHHelper.m in Sources */,
			);
			runOnlyForDeploymentPostprocessing = 0;
		};
/* End PBXSourcesBuildPhase section */

/* Begin PBXTargetDependency section */
		A4399BB5226A20BC00BF15CA /* PBXTargetDependency */ = {
			isa = PBXTargetDependency;
			target = A46E6BFA2044648A000D1DAA /* BlockHookSample iOS */;
			targetProxy = A4399BB4226A20BC00BF15CA /* PBXContainerItemProxy */;
		};
		A4399BC3226A277300BF15CA /* PBXTargetDependency */ = {
			isa = PBXTargetDependency;
			target = A4E7325A2263640D003D7063 /* BlockHookSample macOS */;
			targetProxy = A4399BC2226A277300BF15CA /* PBXContainerItemProxy */;
		};
		A45C5ED122EF4E1C00EEBED2 /* PBXTargetDependency */ = {
			isa = PBXTargetDependency;
			target = A4E7321C2261EA22003D7063 /* BlockHook tvOS */;
			targetProxy = A45C5ED022EF4E1C00EEBED2 /* PBXContainerItemProxy */;
		};
		A45C5EDD22EF4E7A00EEBED2 /* PBXTargetDependency */ = {
			isa = PBXTargetDependency;
			target = A45C5EBA22EF4CEA00EEBED2 /* BlockHookSample tvOS */;
			targetProxy = A45C5EDC22EF4E7A00EEBED2 /* PBXContainerItemProxy */;
		};
		A4E7320C2261E70C003D7063 /* PBXTargetDependency */ = {
			isa = PBXTargetDependency;
			target = A4F558872064EE2A00497FFE /* BlockHook iOS */;
			targetProxy = A4E7320B2261E70C003D7063 /* PBXContainerItemProxy */;
		};
		A4E7327B226370AF003D7063 /* PBXTargetDependency */ = {
			isa = PBXTargetDependency;
			target = A4E731FD2261E5A8003D7063 /* BlockHook macOS */;
			targetProxy = A4E7327A226370AF003D7063 /* PBXContainerItemProxy */;
		};
/* End PBXTargetDependency section */

/* Begin PBXVariantGroup section */
		A45C5EC322EF4CEA00EEBED2 /* Main.storyboard */ = {
			isa = PBXVariantGroup;
			children = (
				A45C5EC422EF4CEA00EEBED2 /* Base */,
			);
			name = Main.storyboard;
			sourceTree = "<group>";
		};
		A46E6C042044648A000D1DAA /* Main.storyboard */ = {
			isa = PBXVariantGroup;
			children = (
				A46E6C052044648A000D1DAA /* Base */,
			);
			name = Main.storyboard;
			sourceTree = "<group>";
		};
		A46E6C092044648A000D1DAA /* LaunchScreen.storyboard */ = {
			isa = PBXVariantGroup;
			children = (
				A46E6C0A2044648A000D1DAA /* Base */,
			);
			name = LaunchScreen.storyboard;
			sourceTree = "<group>";
		};
		A4E732652263640E003D7063 /* Main.storyboard */ = {
			isa = PBXVariantGroup;
			children = (
				A4E732662263640E003D7063 /* Base */,
			);
			name = Main.storyboard;
			sourceTree = "<group>";
		};
/* End PBXVariantGroup section */

/* Begin XCBuildConfiguration section */
		A4399BB6226A20BC00BF15CA /* Debug */ = {
			isa = XCBuildConfiguration;
			buildSettings = {
				BUNDLE_LOADER = "$(TEST_HOST)";
				CLANG_ENABLE_OBJC_WEAK = YES;
				CODE_SIGN_STYLE = Automatic;
				DEVELOPMENT_TEAM = D3RCVUP6VH;
				INFOPLIST_FILE = BlockHookSampleTests/Info.plist;
				IPHONEOS_DEPLOYMENT_TARGET = 14.5;
				LD_RUNPATH_SEARCH_PATHS = (
					"$(inherited)",
					"@executable_path/Frameworks",
					"@loader_path/Frameworks",
				);
				MTL_ENABLE_DEBUG_INFO = INCLUDE_SOURCE;
				MTL_FAST_MATH = YES;
				PRODUCT_BUNDLE_IDENTIFIER = "com.yulingtianxia.BlockHookSample-iOSTests";
				PRODUCT_NAME = "$(TARGET_NAME)";
				TARGETED_DEVICE_FAMILY = "1,2";
				TEST_HOST = "$(BUILT_PRODUCTS_DIR)/BlockHookSample iOS.app/BlockHookSample iOS";
			};
			name = Debug;
		};
		A4399BB7226A20BC00BF15CA /* Release */ = {
			isa = XCBuildConfiguration;
			buildSettings = {
				BUNDLE_LOADER = "$(TEST_HOST)";
				CLANG_ENABLE_OBJC_WEAK = YES;
				CODE_SIGN_STYLE = Automatic;
				DEVELOPMENT_TEAM = D3RCVUP6VH;
				INFOPLIST_FILE = BlockHookSampleTests/Info.plist;
				IPHONEOS_DEPLOYMENT_TARGET = 14.5;
				LD_RUNPATH_SEARCH_PATHS = (
					"$(inherited)",
					"@executable_path/Frameworks",
					"@loader_path/Frameworks",
				);
				MTL_FAST_MATH = YES;
				PRODUCT_BUNDLE_IDENTIFIER = "com.yulingtianxia.BlockHookSample-iOSTests";
				PRODUCT_NAME = "$(TARGET_NAME)";
				TARGETED_DEVICE_FAMILY = "1,2";
				TEST_HOST = "$(BUILT_PRODUCTS_DIR)/BlockHookSample iOS.app/BlockHookSample iOS";
			};
			name = Release;
		};
		A4399BC5226A277300BF15CA /* Debug */ = {
			isa = XCBuildConfiguration;
			buildSettings = {
				BUNDLE_LOADER = "$(TEST_HOST)";
				CLANG_ENABLE_OBJC_WEAK = YES;
				CODE_SIGN_IDENTITY = "Mac Developer";
				CODE_SIGN_STYLE = Automatic;
				COMBINE_HIDPI_IMAGES = YES;
				DEAD_CODE_STRIPPING = YES;
				DEVELOPMENT_TEAM = D3RCVUP6VH;
				INFOPLIST_FILE = BlockHookSampleTests/Info.plist;
				LD_RUNPATH_SEARCH_PATHS = (
					"$(inherited)",
					"@executable_path/../Frameworks",
					"@loader_path/../Frameworks",
				);
				MACOSX_DEPLOYMENT_TARGET = 11.0;
				MTL_ENABLE_DEBUG_INFO = INCLUDE_SOURCE;
				MTL_FAST_MATH = YES;
				PRODUCT_BUNDLE_IDENTIFIER = "com.yulingtianxia.BlockHookSample-macOSTests";
				PRODUCT_NAME = "$(TARGET_NAME)";
				SDKROOT = macosx;
				TEST_HOST = "$(BUILT_PRODUCTS_DIR)/BlockHookSample macOS.app/Contents/MacOS/BlockHookSample macOS";
			};
			name = Debug;
		};
		A4399BC6226A277300BF15CA /* Release */ = {
			isa = XCBuildConfiguration;
			buildSettings = {
				BUNDLE_LOADER = "$(TEST_HOST)";
				CLANG_ENABLE_OBJC_WEAK = YES;
				CODE_SIGN_IDENTITY = "Mac Developer";
				CODE_SIGN_STYLE = Automatic;
				COMBINE_HIDPI_IMAGES = YES;
				DEAD_CODE_STRIPPING = YES;
				DEVELOPMENT_TEAM = D3RCVUP6VH;
				INFOPLIST_FILE = BlockHookSampleTests/Info.plist;
				LD_RUNPATH_SEARCH_PATHS = (
					"$(inherited)",
					"@executable_path/../Frameworks",
					"@loader_path/../Frameworks",
				);
				MACOSX_DEPLOYMENT_TARGET = 11.0;
				MTL_FAST_MATH = YES;
				PRODUCT_BUNDLE_IDENTIFIER = "com.yulingtianxia.BlockHookSample-macOSTests";
				PRODUCT_NAME = "$(TARGET_NAME)";
				SDKROOT = macosx;
				TEST_HOST = "$(BUILT_PRODUCTS_DIR)/BlockHookSample macOS.app/Contents/MacOS/BlockHookSample macOS";
			};
			name = Release;
		};
		A45C5ECC22EF4CEC00EEBED2 /* Debug */ = {
			isa = XCBuildConfiguration;
			buildSettings = {
				ASSETCATALOG_COMPILER_APPICON_NAME = "App Icon & Top Shelf Image";
				ASSETCATALOG_COMPILER_LAUNCHIMAGE_NAME = LaunchImage;
				CLANG_ENABLE_OBJC_WEAK = YES;
				CODE_SIGN_STYLE = Automatic;
				DEVELOPMENT_TEAM = D3RCVUP6VH;
				INFOPLIST_FILE = "BlockHookSample tvOS/Info.plist";
				LD_RUNPATH_SEARCH_PATHS = (
					"$(inherited)",
					"@executable_path/Frameworks",
				);
				MTL_ENABLE_DEBUG_INFO = INCLUDE_SOURCE;
				MTL_FAST_MATH = YES;
				PRODUCT_BUNDLE_IDENTIFIER = com.yulingtianxia.BlockHookSample;
				PRODUCT_NAME = "$(TARGET_NAME)";
				SDKROOT = appletvos;
				TARGETED_DEVICE_FAMILY = 3;
				TVOS_DEPLOYMENT_TARGET = 12.0;
			};
			name = Debug;
		};
		A45C5ECD22EF4CEC00EEBED2 /* Release */ = {
			isa = XCBuildConfiguration;
			buildSettings = {
				ASSETCATALOG_COMPILER_APPICON_NAME = "App Icon & Top Shelf Image";
				ASSETCATALOG_COMPILER_LAUNCHIMAGE_NAME = LaunchImage;
				CLANG_ENABLE_OBJC_WEAK = YES;
				CODE_SIGN_STYLE = Automatic;
				DEVELOPMENT_TEAM = D3RCVUP6VH;
				INFOPLIST_FILE = "BlockHookSample tvOS/Info.plist";
				LD_RUNPATH_SEARCH_PATHS = (
					"$(inherited)",
					"@executable_path/Frameworks",
				);
				MTL_FAST_MATH = YES;
				PRODUCT_BUNDLE_IDENTIFIER = com.yulingtianxia.BlockHookSample;
				PRODUCT_NAME = "$(TARGET_NAME)";
				SDKROOT = appletvos;
				TARGETED_DEVICE_FAMILY = 3;
				TVOS_DEPLOYMENT_TARGET = 12.0;
			};
			name = Release;
		};
		A45C5EDF22EF4E7A00EEBED2 /* Debug */ = {
			isa = XCBuildConfiguration;
			buildSettings = {
				BUNDLE_LOADER = "$(TEST_HOST)";
				CLANG_ENABLE_OBJC_WEAK = YES;
				CODE_SIGN_STYLE = Automatic;
				DEVELOPMENT_TEAM = D3RCVUP6VH;
				INFOPLIST_FILE = BlockHookSampleTests/Info.plist;
				LD_RUNPATH_SEARCH_PATHS = (
					"$(inherited)",
					"@executable_path/Frameworks",
					"@loader_path/Frameworks",
				);
				MTL_ENABLE_DEBUG_INFO = INCLUDE_SOURCE;
				MTL_FAST_MATH = YES;
				PRODUCT_BUNDLE_IDENTIFIER = "com.yulingtianxia.BlockHookSample-tvOSTests";
				PRODUCT_NAME = "$(TARGET_NAME)";
				SDKROOT = appletvos;
				TARGETED_DEVICE_FAMILY = 3;
				TEST_HOST = "$(BUILT_PRODUCTS_DIR)/BlockHookSample tvOS.app/BlockHookSample tvOS";
				TVOS_DEPLOYMENT_TARGET = 12.4;
			};
			name = Debug;
		};
		A45C5EE022EF4E7A00EEBED2 /* Release */ = {
			isa = XCBuildConfiguration;
			buildSettings = {
				BUNDLE_LOADER = "$(TEST_HOST)";
				CLANG_ENABLE_OBJC_WEAK = YES;
				CODE_SIGN_STYLE = Automatic;
				DEVELOPMENT_TEAM = D3RCVUP6VH;
				INFOPLIST_FILE = BlockHookSampleTests/Info.plist;
				LD_RUNPATH_SEARCH_PATHS = (
					"$(inherited)",
					"@executable_path/Frameworks",
					"@loader_path/Frameworks",
				);
				MTL_FAST_MATH = YES;
				PRODUCT_BUNDLE_IDENTIFIER = "com.yulingtianxia.BlockHookSample-tvOSTests";
				PRODUCT_NAME = "$(TARGET_NAME)";
				SDKROOT = appletvos;
				TARGETED_DEVICE_FAMILY = 3;
				TEST_HOST = "$(BUILT_PRODUCTS_DIR)/BlockHookSample tvOS.app/BlockHookSample tvOS";
				TVOS_DEPLOYMENT_TARGET = 12.4;
			};
			name = Release;
		};
		A4619B282264C40200A01C0B /* Debug */ = {
			isa = XCBuildConfiguration;
			buildSettings = {
				APPLICATION_EXTENSION_API_ONLY = YES;
				CLANG_ENABLE_OBJC_WEAK = YES;
				CODE_SIGN_IDENTITY = "";
				CODE_SIGN_STYLE = Automatic;
				CURRENT_PROJECT_VERSION = 1;
				DEFINES_MODULE = YES;
				DYLIB_COMPATIBILITY_VERSION = 1;
				DYLIB_CURRENT_VERSION = 1;
				DYLIB_INSTALL_NAME_BASE = "@rpath";
				ENABLE_MODULE_VERIFIER = YES;
				HEADER_SEARCH_PATHS = "";
				INFOPLIST_FILE = BlockHook/Info.plist;
				INSTALL_PATH = "$(LOCAL_LIBRARY_DIR)/Frameworks";
				LD_RUNPATH_SEARCH_PATHS = (
					"$(inherited)",
					"@executable_path/Frameworks",
					"@loader_path/Frameworks",
				);
				LIBRARY_SEARCH_PATHS = "$(inherited)";
				MODULE_VERIFIER_SUPPORTED_LANGUAGES = "objective-c objective-c++";
				MODULE_VERIFIER_SUPPORTED_LANGUAGE_STANDARDS = "gnu11 gnu++14";
				MTL_ENABLE_DEBUG_INFO = INCLUDE_SOURCE;
				MTL_FAST_MATH = YES;
				PRODUCT_BUNDLE_IDENTIFIER = com.yulingtianxia.BlockHook;
				PRODUCT_NAME = BlockHook;
				SDKROOT = watchos;
				SKIP_INSTALL = YES;
				TARGETED_DEVICE_FAMILY = 4;
				VERSIONING_SYSTEM = "apple-generic";
				VERSION_INFO_PREFIX = "";
				WATCHOS_DEPLOYMENT_TARGET = 5.2;
			};
			name = Debug;
		};
		A4619B292264C40200A01C0B /* Release */ = {
			isa = XCBuildConfiguration;
			buildSettings = {
				APPLICATION_EXTENSION_API_ONLY = YES;
				CLANG_ENABLE_OBJC_WEAK = YES;
				CODE_SIGN_IDENTITY = "";
				CODE_SIGN_STYLE = Automatic;
				CURRENT_PROJECT_VERSION = 1;
				DEFINES_MODULE = YES;
				DYLIB_COMPATIBILITY_VERSION = 1;
				DYLIB_CURRENT_VERSION = 1;
				DYLIB_INSTALL_NAME_BASE = "@rpath";
				ENABLE_MODULE_VERIFIER = YES;
				HEADER_SEARCH_PATHS = "";
				INFOPLIST_FILE = BlockHook/Info.plist;
				INSTALL_PATH = "$(LOCAL_LIBRARY_DIR)/Frameworks";
				LD_RUNPATH_SEARCH_PATHS = (
					"$(inherited)",
					"@executable_path/Frameworks",
					"@loader_path/Frameworks",
				);
				LIBRARY_SEARCH_PATHS = "$(inherited)";
				MODULE_VERIFIER_SUPPORTED_LANGUAGES = "objective-c objective-c++";
				MODULE_VERIFIER_SUPPORTED_LANGUAGE_STANDARDS = "gnu11 gnu++14";
				MTL_FAST_MATH = YES;
				PRODUCT_BUNDLE_IDENTIFIER = com.yulingtianxia.BlockHook;
				PRODUCT_NAME = BlockHook;
				SDKROOT = watchos;
				SKIP_INSTALL = YES;
				TARGETED_DEVICE_FAMILY = 4;
				VERSIONING_SYSTEM = "apple-generic";
				VERSION_INFO_PREFIX = "";
				WATCHOS_DEPLOYMENT_TARGET = 5.2;
			};
			name = Release;
		};
		A46E6C0F2044648A000D1DAA /* Debug */ = {
			isa = XCBuildConfiguration;
			buildSettings = {
				ALWAYS_SEARCH_USER_PATHS = NO;
				ASSETCATALOG_COMPILER_GENERATE_SWIFT_ASSET_SYMBOL_EXTENSIONS = YES;
				CLANG_ANALYZER_NONNULL = YES;
				CLANG_ANALYZER_NUMBER_OBJECT_CONVERSION = YES_AGGRESSIVE;
				CLANG_CXX_LANGUAGE_STANDARD = "gnu++14";
				CLANG_CXX_LIBRARY = "libc++";
				CLANG_ENABLE_MODULES = YES;
				CLANG_ENABLE_OBJC_ARC = YES;
				CLANG_WARN_BLOCK_CAPTURE_AUTORELEASING = YES;
				CLANG_WARN_BOOL_CONVERSION = YES;
				CLANG_WARN_COMMA = YES;
				CLANG_WARN_CONSTANT_CONVERSION = YES;
				CLANG_WARN_DEPRECATED_OBJC_IMPLEMENTATIONS = YES;
				CLANG_WARN_DIRECT_OBJC_ISA_USAGE = YES_ERROR;
				CLANG_WARN_DOCUMENTATION_COMMENTS = YES;
				CLANG_WARN_EMPTY_BODY = YES;
				CLANG_WARN_ENUM_CONVERSION = YES;
				CLANG_WARN_INFINITE_RECURSION = YES;
				CLANG_WARN_INT_CONVERSION = YES;
				CLANG_WARN_NON_LITERAL_NULL_CONVERSION = YES;
				CLANG_WARN_OBJC_IMPLICIT_RETAIN_SELF = YES;
				CLANG_WARN_OBJC_LITERAL_CONVERSION = YES;
				CLANG_WARN_OBJC_ROOT_CLASS = YES_ERROR;
				CLANG_WARN_QUOTED_INCLUDE_IN_FRAMEWORK_HEADER = YES;
				CLANG_WARN_RANGE_LOOP_ANALYSIS = YES;
				CLANG_WARN_STRICT_PROTOTYPES = YES;
				CLANG_WARN_SUSPICIOUS_MOVE = YES;
				CLANG_WARN_UNGUARDED_AVAILABILITY = YES_AGGRESSIVE;
				CLANG_WARN_UNREACHABLE_CODE = YES;
				CLANG_WARN__DUPLICATE_METHOD_MATCH = YES;
				CODE_SIGN_IDENTITY = "iPhone Developer";
				COPY_PHASE_STRIP = NO;
				DEBUG_INFORMATION_FORMAT = dwarf;
				ENABLE_BITCODE = NO;
				ENABLE_STRICT_OBJC_MSGSEND = YES;
				ENABLE_TESTABILITY = YES;
				ENABLE_USER_SCRIPT_SANDBOXING = YES;
				"EXCLUDED_ARCHS[sdk=iphonesimulator*]" = arm64;
				GCC_C_LANGUAGE_STANDARD = gnu11;
				GCC_DYNAMIC_NO_PIC = NO;
				GCC_NO_COMMON_BLOCKS = YES;
				GCC_OPTIMIZATION_LEVEL = 0;
				GCC_PREPROCESSOR_DEFINITIONS = (
					"DEBUG=1",
					"$(inherited)",
				);
				GCC_WARN_64_TO_32_BIT_CONVERSION = YES;
				GCC_WARN_ABOUT_RETURN_TYPE = YES_ERROR;
				GCC_WARN_UNDECLARED_SELECTOR = YES;
				GCC_WARN_UNINITIALIZED_AUTOS = YES_AGGRESSIVE;
				GCC_WARN_UNUSED_FUNCTION = YES;
				GCC_WARN_UNUSED_VARIABLE = YES;
				IPHONEOS_DEPLOYMENT_TARGET = 12.0;
				MTL_ENABLE_DEBUG_INFO = YES;
				ONLY_ACTIVE_ARCH = YES;
				SDKROOT = iphoneos;
			};
			name = Debug;
		};
		A46E6C102044648A000D1DAA /* Release */ = {
			isa = XCBuildConfiguration;
			buildSettings = {
				ALWAYS_SEARCH_USER_PATHS = NO;
				ASSETCATALOG_COMPILER_GENERATE_SWIFT_ASSET_SYMBOL_EXTENSIONS = YES;
				CLANG_ANALYZER_NONNULL = YES;
				CLANG_ANALYZER_NUMBER_OBJECT_CONVERSION = YES_AGGRESSIVE;
				CLANG_CXX_LANGUAGE_STANDARD = "gnu++14";
				CLANG_CXX_LIBRARY = "libc++";
				CLANG_ENABLE_MODULES = YES;
				CLANG_ENABLE_OBJC_ARC = YES;
				CLANG_WARN_BLOCK_CAPTURE_AUTORELEASING = YES;
				CLANG_WARN_BOOL_CONVERSION = YES;
				CLANG_WARN_COMMA = YES;
				CLANG_WARN_CONSTANT_CONVERSION = YES;
				CLANG_WARN_DEPRECATED_OBJC_IMPLEMENTATIONS = YES;
				CLANG_WARN_DIRECT_OBJC_ISA_USAGE = YES_ERROR;
				CLANG_WARN_DOCUMENTATION_COMMENTS = YES;
				CLANG_WARN_EMPTY_BODY = YES;
				CLANG_WARN_ENUM_CONVERSION = YES;
				CLANG_WARN_INFINITE_RECURSION = YES;
				CLANG_WARN_INT_CONVERSION = YES;
				CLANG_WARN_NON_LITERAL_NULL_CONVERSION = YES;
				CLANG_WARN_OBJC_IMPLICIT_RETAIN_SELF = YES;
				CLANG_WARN_OBJC_LITERAL_CONVERSION = YES;
				CLANG_WARN_OBJC_ROOT_CLASS = YES_ERROR;
				CLANG_WARN_QUOTED_INCLUDE_IN_FRAMEWORK_HEADER = YES;
				CLANG_WARN_RANGE_LOOP_ANALYSIS = YES;
				CLANG_WARN_STRICT_PROTOTYPES = YES;
				CLANG_WARN_SUSPICIOUS_MOVE = YES;
				CLANG_WARN_UNGUARDED_AVAILABILITY = YES_AGGRESSIVE;
				CLANG_WARN_UNREACHABLE_CODE = YES;
				CLANG_WARN__DUPLICATE_METHOD_MATCH = YES;
				CODE_SIGN_IDENTITY = "iPhone Developer";
				COPY_PHASE_STRIP = NO;
				DEBUG_INFORMATION_FORMAT = "dwarf-with-dsym";
				ENABLE_BITCODE = NO;
				ENABLE_NS_ASSERTIONS = NO;
				ENABLE_STRICT_OBJC_MSGSEND = YES;
				ENABLE_USER_SCRIPT_SANDBOXING = YES;
				"EXCLUDED_ARCHS[sdk=iphonesimulator*]" = arm64;
				GCC_C_LANGUAGE_STANDARD = gnu11;
				GCC_NO_COMMON_BLOCKS = YES;
				GCC_WARN_64_TO_32_BIT_CONVERSION = YES;
				GCC_WARN_ABOUT_RETURN_TYPE = YES_ERROR;
				GCC_WARN_UNDECLARED_SELECTOR = YES;
				GCC_WARN_UNINITIALIZED_AUTOS = YES_AGGRESSIVE;
				GCC_WARN_UNUSED_FUNCTION = YES;
				GCC_WARN_UNUSED_VARIABLE = YES;
				IPHONEOS_DEPLOYMENT_TARGET = 12.0;
				MTL_ENABLE_DEBUG_INFO = NO;
				SDKROOT = iphoneos;
				VALIDATE_PRODUCT = YES;
			};
			name = Release;
		};
		A46E6C122044648A000D1DAA /* Debug */ = {
			isa = XCBuildConfiguration;
			buildSettings = {
				ASSETCATALOG_COMPILER_APPICON_NAME = AppIcon;
				CODE_SIGN_STYLE = Automatic;
				DEVELOPMENT_TEAM = D3RCVUP6VH;
				HEADER_SEARCH_PATHS = "";
				INFOPLIST_FILE = "BlockHookSample iOS/Info.plist";
				IPHONEOS_DEPLOYMENT_TARGET = 14.5;
				LD_RUNPATH_SEARCH_PATHS = (
					"$(inherited)",
					"@executable_path/Frameworks",
				);
				PRODUCT_BUNDLE_IDENTIFIER = com.yulingtianxia.BlockHookSample;
				PRODUCT_NAME = "$(TARGET_NAME)";
				TARGETED_DEVICE_FAMILY = "1,2";
			};
			name = Debug;
		};
		A46E6C132044648A000D1DAA /* Release */ = {
			isa = XCBuildConfiguration;
			buildSettings = {
				ASSETCATALOG_COMPILER_APPICON_NAME = AppIcon;
				CODE_SIGN_STYLE = Automatic;
				DEVELOPMENT_TEAM = D3RCVUP6VH;
				HEADER_SEARCH_PATHS = "";
				INFOPLIST_FILE = "BlockHookSample iOS/Info.plist";
				IPHONEOS_DEPLOYMENT_TARGET = 14.5;
				LD_RUNPATH_SEARCH_PATHS = (
					"$(inherited)",
					"@executable_path/Frameworks",
				);
				PRODUCT_BUNDLE_IDENTIFIER = com.yulingtianxia.BlockHookSample;
				PRODUCT_NAME = "$(TARGET_NAME)";
				TARGETED_DEVICE_FAMILY = "1,2";
			};
			name = Release;
		};
		A4E732042261E5A8003D7063 /* Debug */ = {
			isa = XCBuildConfiguration;
			buildSettings = {
				CLANG_ENABLE_OBJC_WEAK = YES;
				CODE_SIGN_IDENTITY = "";
				CODE_SIGN_STYLE = Automatic;
				COMBINE_HIDPI_IMAGES = YES;
				CURRENT_PROJECT_VERSION = 1;
				DEAD_CODE_STRIPPING = YES;
				DEFINES_MODULE = YES;
				DEVELOPMENT_TEAM = D3RCVUP6VH;
				DYLIB_COMPATIBILITY_VERSION = 1;
				DYLIB_CURRENT_VERSION = 1;
				DYLIB_INSTALL_NAME_BASE = "@rpath";
				ENABLE_MODULE_VERIFIER = YES;
				FRAMEWORK_VERSION = A;
				HEADER_SEARCH_PATHS = "";
				INFOPLIST_FILE = BlockHook/Info.plist;
				INSTALL_PATH = "$(LOCAL_LIBRARY_DIR)/Frameworks";
				LD_RUNPATH_SEARCH_PATHS = (
					"$(inherited)",
					"@executable_path/../Frameworks",
					"@loader_path/Frameworks",
				);
				LIBRARY_SEARCH_PATHS = "$(inherited)";
				MACOSX_DEPLOYMENT_TARGET = "$(RECOMMENDED_MACOSX_DEPLOYMENT_TARGET)";
				MODULE_VERIFIER_SUPPORTED_LANGUAGES = "objective-c objective-c++";
				MODULE_VERIFIER_SUPPORTED_LANGUAGE_STANDARDS = "gnu11 gnu++14";
				MTL_ENABLE_DEBUG_INFO = INCLUDE_SOURCE;
				MTL_FAST_MATH = YES;
				PRODUCT_BUNDLE_IDENTIFIER = com.yulingtianxia.BlockHook;
				PRODUCT_NAME = BlockHook;
				SDKROOT = macosx;
				SKIP_INSTALL = YES;
				VERSIONING_SYSTEM = "apple-generic";
				VERSION_INFO_PREFIX = "";
			};
			name = Debug;
		};
		A4E732052261E5A8003D7063 /* Release */ = {
			isa = XCBuildConfiguration;
			buildSettings = {
				CLANG_ENABLE_OBJC_WEAK = YES;
				CODE_SIGN_IDENTITY = "";
				CODE_SIGN_STYLE = Automatic;
				COMBINE_HIDPI_IMAGES = YES;
				CURRENT_PROJECT_VERSION = 1;
				DEAD_CODE_STRIPPING = YES;
				DEFINES_MODULE = YES;
				DEVELOPMENT_TEAM = D3RCVUP6VH;
				DYLIB_COMPATIBILITY_VERSION = 1;
				DYLIB_CURRENT_VERSION = 1;
				DYLIB_INSTALL_NAME_BASE = "@rpath";
				ENABLE_MODULE_VERIFIER = YES;
				FRAMEWORK_VERSION = A;
				HEADER_SEARCH_PATHS = "";
				INFOPLIST_FILE = BlockHook/Info.plist;
				INSTALL_PATH = "$(LOCAL_LIBRARY_DIR)/Frameworks";
				LD_RUNPATH_SEARCH_PATHS = (
					"$(inherited)",
					"@executable_path/../Frameworks",
					"@loader_path/Frameworks",
				);
				LIBRARY_SEARCH_PATHS = "$(inherited)";
				MACOSX_DEPLOYMENT_TARGET = "$(RECOMMENDED_MACOSX_DEPLOYMENT_TARGET)";
				MODULE_VERIFIER_SUPPORTED_LANGUAGES = "objective-c objective-c++";
				MODULE_VERIFIER_SUPPORTED_LANGUAGE_STANDARDS = "gnu11 gnu++14";
				MTL_FAST_MATH = YES;
				PRODUCT_BUNDLE_IDENTIFIER = com.yulingtianxia.BlockHook;
				PRODUCT_NAME = BlockHook;
				SDKROOT = macosx;
				SKIP_INSTALL = YES;
				VERSIONING_SYSTEM = "apple-generic";
				VERSION_INFO_PREFIX = "";
			};
			name = Release;
		};
		A4E732232261EA22003D7063 /* Debug */ = {
			isa = XCBuildConfiguration;
			buildSettings = {
				CLANG_ENABLE_OBJC_WEAK = YES;
				CODE_SIGN_IDENTITY = "";
				CODE_SIGN_STYLE = Automatic;
				CURRENT_PROJECT_VERSION = 1;
				DEFINES_MODULE = YES;
				DEVELOPMENT_TEAM = D3RCVUP6VH;
				DYLIB_COMPATIBILITY_VERSION = 1;
				DYLIB_CURRENT_VERSION = 1;
				DYLIB_INSTALL_NAME_BASE = "@rpath";
				ENABLE_MODULE_VERIFIER = YES;
				HEADER_SEARCH_PATHS = "";
				INFOPLIST_FILE = BlockHook/Info.plist;
				INSTALL_PATH = "$(LOCAL_LIBRARY_DIR)/Frameworks";
				LD_RUNPATH_SEARCH_PATHS = (
					"$(inherited)",
					"@executable_path/Frameworks",
					"@loader_path/Frameworks",
				);
				LIBRARY_SEARCH_PATHS = "$(inherited)";
				MODULE_VERIFIER_SUPPORTED_LANGUAGES = "objective-c objective-c++";
				MODULE_VERIFIER_SUPPORTED_LANGUAGE_STANDARDS = "gnu11 gnu++14";
				MTL_ENABLE_DEBUG_INFO = INCLUDE_SOURCE;
				MTL_FAST_MATH = YES;
				PRODUCT_BUNDLE_IDENTIFIER = com.yulingtianxia.BlockHook;
				PRODUCT_NAME = BlockHook;
				SDKROOT = appletvos;
				SKIP_INSTALL = YES;
				TARGETED_DEVICE_FAMILY = 3;
				TVOS_DEPLOYMENT_TARGET = 12.0;
				VERSIONING_SYSTEM = "apple-generic";
				VERSION_INFO_PREFIX = "";
			};
			name = Debug;
		};
		A4E732242261EA22003D7063 /* Release */ = {
			isa = XCBuildConfiguration;
			buildSettings = {
				CLANG_ENABLE_OBJC_WEAK = YES;
				CODE_SIGN_IDENTITY = "";
				CODE_SIGN_STYLE = Automatic;
				CURRENT_PROJECT_VERSION = 1;
				DEFINES_MODULE = YES;
				DEVELOPMENT_TEAM = D3RCVUP6VH;
				DYLIB_COMPATIBILITY_VERSION = 1;
				DYLIB_CURRENT_VERSION = 1;
				DYLIB_INSTALL_NAME_BASE = "@rpath";
				ENABLE_MODULE_VERIFIER = YES;
				HEADER_SEARCH_PATHS = "";
				INFOPLIST_FILE = BlockHook/Info.plist;
				INSTALL_PATH = "$(LOCAL_LIBRARY_DIR)/Frameworks";
				LD_RUNPATH_SEARCH_PATHS = (
					"$(inherited)",
					"@executable_path/Frameworks",
					"@loader_path/Frameworks",
				);
				LIBRARY_SEARCH_PATHS = "$(inherited)";
				MODULE_VERIFIER_SUPPORTED_LANGUAGES = "objective-c objective-c++";
				MODULE_VERIFIER_SUPPORTED_LANGUAGE_STANDARDS = "gnu11 gnu++14";
				MTL_FAST_MATH = YES;
				PRODUCT_BUNDLE_IDENTIFIER = com.yulingtianxia.BlockHook;
				PRODUCT_NAME = BlockHook;
				SDKROOT = appletvos;
				SKIP_INSTALL = YES;
				TARGETED_DEVICE_FAMILY = 3;
				TVOS_DEPLOYMENT_TARGET = 12.0;
				VERSIONING_SYSTEM = "apple-generic";
				VERSION_INFO_PREFIX = "";
			};
			name = Release;
		};
		A4E7326D2263640E003D7063 /* Debug */ = {
			isa = XCBuildConfiguration;
			buildSettings = {
				ASSETCATALOG_COMPILER_APPICON_NAME = AppIcon;
				CLANG_ENABLE_OBJC_WEAK = YES;
				CODE_SIGN_ENTITLEMENTS = "BlockHookSample macOS/BlockHookSampleMac.entitlements";
				CODE_SIGN_IDENTITY = "Mac Developer";
				CODE_SIGN_STYLE = Automatic;
				COMBINE_HIDPI_IMAGES = YES;
				DEAD_CODE_STRIPPING = YES;
				DEVELOPMENT_TEAM = D3RCVUP6VH;
				ENABLE_HARDENED_RUNTIME = YES;
				HEADER_SEARCH_PATHS = "";
				INFOPLIST_FILE = "BlockHookSample macOS/Info.plist";
				LD_RUNPATH_SEARCH_PATHS = (
					"$(inherited)",
					"@executable_path/../Frameworks",
				);
				MACOSX_DEPLOYMENT_TARGET = 11.0;
				MTL_ENABLE_DEBUG_INFO = INCLUDE_SOURCE;
				MTL_FAST_MATH = YES;
				PRODUCT_BUNDLE_IDENTIFIER = com.yulingtianxia.BlockHookSample;
				PRODUCT_NAME = "$(TARGET_NAME)";
				SDKROOT = macosx;
			};
			name = Debug;
		};
		A4E7326E2263640E003D7063 /* Release */ = {
			isa = XCBuildConfiguration;
			buildSettings = {
				ASSETCATALOG_COMPILER_APPICON_NAME = AppIcon;
				CLANG_ENABLE_OBJC_WEAK = YES;
				CODE_SIGN_ENTITLEMENTS = "BlockHookSample macOS/BlockHookSampleMac.entitlements";
				CODE_SIGN_IDENTITY = "Mac Developer";
				CODE_SIGN_STYLE = Automatic;
				COMBINE_HIDPI_IMAGES = YES;
				DEAD_CODE_STRIPPING = YES;
				DEVELOPMENT_TEAM = D3RCVUP6VH;
				ENABLE_HARDENED_RUNTIME = YES;
				HEADER_SEARCH_PATHS = "";
				INFOPLIST_FILE = "BlockHookSample macOS/Info.plist";
				LD_RUNPATH_SEARCH_PATHS = (
					"$(inherited)",
					"@executable_path/../Frameworks",
				);
				MACOSX_DEPLOYMENT_TARGET = 11.0;
				MTL_FAST_MATH = YES;
				PRODUCT_BUNDLE_IDENTIFIER = com.yulingtianxia.BlockHookSample;
				PRODUCT_NAME = "$(TARGET_NAME)";
				SDKROOT = macosx;
			};
			name = Release;
		};
		A4F558922064EE2A00497FFE /* Debug */ = {
			isa = XCBuildConfiguration;
			buildSettings = {
				CODE_SIGN_IDENTITY = "";
				CODE_SIGN_STYLE = Automatic;
				CURRENT_PROJECT_VERSION = 1;
				DEFINES_MODULE = YES;
				DEVELOPMENT_TEAM = D3RCVUP6VH;
				DYLIB_COMPATIBILITY_VERSION = 1;
				DYLIB_CURRENT_VERSION = 1;
				DYLIB_INSTALL_NAME_BASE = "@rpath";
				ENABLE_BITCODE = NO;
				ENABLE_MODULE_VERIFIER = YES;
				HEADER_SEARCH_PATHS = "";
				INFOPLIST_FILE = BlockHook/Info.plist;
				INSTALL_PATH = "$(LOCAL_LIBRARY_DIR)/Frameworks";
				IPHONEOS_DEPLOYMENT_TARGET = 12.0;
				LD_RUNPATH_SEARCH_PATHS = (
					"$(inherited)",
					"@executable_path/Frameworks",
					"@loader_path/Frameworks",
				);
				LIBRARY_SEARCH_PATHS = "$(inherited)";
				MODULE_VERIFIER_SUPPORTED_LANGUAGES = "objective-c objective-c++";
				MODULE_VERIFIER_SUPPORTED_LANGUAGE_STANDARDS = "gnu11 gnu++14";
				PRODUCT_BUNDLE_IDENTIFIER = com.yulingtianxia.BlockHook;
				PRODUCT_NAME = BlockHook;
				SKIP_INSTALL = YES;
				TARGETED_DEVICE_FAMILY = "1,2";
				VERSIONING_SYSTEM = "apple-generic";
				VERSION_INFO_PREFIX = "";
			};
			name = Debug;
		};
		A4F558932064EE2A00497FFE /* Release */ = {
			isa = XCBuildConfiguration;
			buildSettings = {
				CODE_SIGN_IDENTITY = "";
				CODE_SIGN_STYLE = Automatic;
				CURRENT_PROJECT_VERSION = 1;
				DEFINES_MODULE = YES;
				DEVELOPMENT_TEAM = D3RCVUP6VH;
				DYLIB_COMPATIBILITY_VERSION = 1;
				DYLIB_CURRENT_VERSION = 1;
				DYLIB_INSTALL_NAME_BASE = "@rpath";
				ENABLE_BITCODE = NO;
				ENABLE_MODULE_VERIFIER = YES;
				HEADER_SEARCH_PATHS = "";
				INFOPLIST_FILE = BlockHook/Info.plist;
				INSTALL_PATH = "$(LOCAL_LIBRARY_DIR)/Frameworks";
				IPHONEOS_DEPLOYMENT_TARGET = 12.0;
				LD_RUNPATH_SEARCH_PATHS = (
					"$(inherited)",
					"@executable_path/Frameworks",
					"@loader_path/Frameworks",
				);
				LIBRARY_SEARCH_PATHS = "$(inherited)";
				MODULE_VERIFIER_SUPPORTED_LANGUAGES = "objective-c objective-c++";
				MODULE_VERIFIER_SUPPORTED_LANGUAGE_STANDARDS = "gnu11 gnu++14";
				PRODUCT_BUNDLE_IDENTIFIER = com.yulingtianxia.BlockHook;
				PRODUCT_NAME = BlockHook;
				SKIP_INSTALL = YES;
				TARGETED_DEVICE_FAMILY = "1,2";
				VERSIONING_SYSTEM = "apple-generic";
				VERSION_INFO_PREFIX = "";
			};
			name = Release;
		};
/* End XCBuildConfiguration section */

/* Begin XCConfigurationList section */
		A4399BB8226A20BC00BF15CA /* Build configuration list for PBXNativeTarget "BlockHookSample iOSTests" */ = {
			isa = XCConfigurationList;
			buildConfigurations = (
				A4399BB6226A20BC00BF15CA /* Debug */,
				A4399BB7226A20BC00BF15CA /* Release */,
			);
			defaultConfigurationIsVisible = 0;
			defaultConfigurationName = Release;
		};
		A4399BC4226A277300BF15CA /* Build configuration list for PBXNativeTarget "BlockHookSample macOSTests" */ = {
			isa = XCConfigurationList;
			buildConfigurations = (
				A4399BC5226A277300BF15CA /* Debug */,
				A4399BC6226A277300BF15CA /* Release */,
			);
			defaultConfigurationIsVisible = 0;
			defaultConfigurationName = Release;
		};
		A45C5ECB22EF4CEC00EEBED2 /* Build configuration list for PBXNativeTarget "BlockHookSample tvOS" */ = {
			isa = XCConfigurationList;
			buildConfigurations = (
				A45C5ECC22EF4CEC00EEBED2 /* Debug */,
				A45C5ECD22EF4CEC00EEBED2 /* Release */,
			);
			defaultConfigurationIsVisible = 0;
			defaultConfigurationName = Release;
		};
		A45C5EDE22EF4E7A00EEBED2 /* Build configuration list for PBXNativeTarget "BlockHookSample tvOSTests" */ = {
			isa = XCConfigurationList;
			buildConfigurations = (
				A45C5EDF22EF4E7A00EEBED2 /* Debug */,
				A45C5EE022EF4E7A00EEBED2 /* Release */,
			);
			defaultConfigurationIsVisible = 0;
			defaultConfigurationName = Release;
		};
		A4619B272264C40200A01C0B /* Build configuration list for PBXNativeTarget "BlockHook watchOS" */ = {
			isa = XCConfigurationList;
			buildConfigurations = (
				A4619B282264C40200A01C0B /* Debug */,
				A4619B292264C40200A01C0B /* Release */,
			);
			defaultConfigurationIsVisible = 0;
			defaultConfigurationName = Release;
		};
		A46E6BF620446489000D1DAA /* Build configuration list for PBXProject "BlockHookSample" */ = {
			isa = XCConfigurationList;
			buildConfigurations = (
				A46E6C0F2044648A000D1DAA /* Debug */,
				A46E6C102044648A000D1DAA /* Release */,
			);
			defaultConfigurationIsVisible = 0;
			defaultConfigurationName = Release;
		};
		A46E6C112044648A000D1DAA /* Build configuration list for PBXNativeTarget "BlockHookSample iOS" */ = {
			isa = XCConfigurationList;
			buildConfigurations = (
				A46E6C122044648A000D1DAA /* Debug */,
				A46E6C132044648A000D1DAA /* Release */,
			);
			defaultConfigurationIsVisible = 0;
			defaultConfigurationName = Release;
		};
		A4E732032261E5A8003D7063 /* Build configuration list for PBXNativeTarget "BlockHook macOS" */ = {
			isa = XCConfigurationList;
			buildConfigurations = (
				A4E732042261E5A8003D7063 /* Debug */,
				A4E732052261E5A8003D7063 /* Release */,
			);
			defaultConfigurationIsVisible = 0;
			defaultConfigurationName = Release;
		};
		A4E732222261EA22003D7063 /* Build configuration list for PBXNativeTarget "BlockHook tvOS" */ = {
			isa = XCConfigurationList;
			buildConfigurations = (
				A4E732232261EA22003D7063 /* Debug */,
				A4E732242261EA22003D7063 /* Release */,
			);
			defaultConfigurationIsVisible = 0;
			defaultConfigurationName = Release;
		};
		A4E7326C2263640E003D7063 /* Build configuration list for PBXNativeTarget "BlockHookSample macOS" */ = {
			isa = XCConfigurationList;
			buildConfigurations = (
				A4E7326D2263640E003D7063 /* Debug */,
				A4E7326E2263640E003D7063 /* Release */,
			);
			defaultConfigurationIsVisible = 0;
			defaultConfigurationName = Release;
		};
		A4F558942064EE2A00497FFE /* Build configuration list for PBXNativeTarget "BlockHook iOS" */ = {
			isa = XCConfigurationList;
			buildConfigurations = (
				A4F558922064EE2A00497FFE /* Debug */,
				A4F558932064EE2A00497FFE /* Release */,
			);
			defaultConfigurationIsVisible = 0;
			defaultConfigurationName = Release;
		};
/* End XCConfigurationList section */
	};
	rootObject = A46E6BF320446489000D1DAA /* Project object */;
}
