// !$*UTF8*$!
{
	archiveVersion = 1;
	classes = {
	};
	objectVersion = 48;
	objects = {

/* Begin PBXBuildFile section */
		A46E6C002044648A000D1DAA /* AppDelegate.m in Sources */ = {isa = PBXBuildFile; fileRef = A46E6BFF2044648A000D1DAA /* AppDelegate.m */; };
		A46E6C032044648A000D1DAA /* ViewController.m in Sources */ = {isa = PBXBuildFile; fileRef = A46E6C022044648A000D1DAA /* ViewController.m */; };
		A46E6C062044648A000D1DAA /* Main.storyboard in Resources */ = {isa = PBXBuildFile; fileRef = A46E6C042044648A000D1DAA /* Main.storyboard */; };
		A46E6C082044648A000D1DAA /* Assets.xcassets in Resources */ = {isa = PBXBuildFile; fileRef = A46E6C072044648A000D1DAA /* Assets.xcassets */; };
		A46E6C0B2044648A000D1DAA /* LaunchScreen.storyboard in Resources */ = {isa = PBXBuildFile; fileRef = A46E6C092044648A000D1DAA /* LaunchScreen.storyboard */; };
		A46E6C0E2044648A000D1DAA /* main.m in Sources */ = {isa = PBXBuildFile; fileRef = A46E6C0D2044648A000D1DAA /* main.m */; };
		A46E6C17204467F4000D1DAA /* BlockHook.m in Sources */ = {isa = PBXBuildFile; fileRef = A46E6C16204467F4000D1DAA /* BlockHook.m */; };
/* End PBXBuildFile section */

/* Begin PBXFileReference section */
		A46E6BFB2044648A000D1DAA /* BlockHookSample.app */ = {isa = PBXFileReference; explicitFileType = wrapper.application; includeInIndex = 0; path = BlockHookSample.app; sourceTree = BUILT_PRODUCTS_DIR; };
		A46E6BFE2044648A000D1DAA /* AppDelegate.h */ = {isa = PBXFileReference; lastKnownFileType = sourcecode.c.h; path = AppDelegate.h; sourceTree = "<group>"; };
		A46E6BFF2044648A000D1DAA /* AppDelegate.m */ = {isa = PBXFileReference; lastKnownFileType = sourcecode.c.objc; path = AppDelegate.m; sourceTree = "<group>"; };
		A46E6C012044648A000D1DAA /* ViewController.h */ = {isa = PBXFileReference; lastKnownFileType = sourcecode.c.h; path = ViewController.h; sourceTree = "<group>"; };
		A46E6C022044648A000D1DAA /* ViewController.m */ = {isa = PBXFileReference; lastKnownFileType = sourcecode.c.objc; path = ViewController.m; sourceTree = "<group>"; };
		A46E6C052044648A000D1DAA /* Base */ = {isa = PBXFileReference; lastKnownFileType = file.storyboard; name = Base; path = Base.lproj/Main.storyboard; sourceTree = "<group>"; };
		A46E6C072044648A000D1DAA /* Assets.xcassets */ = {isa = PBXFileReference; lastKnownFileType = folder.assetcatalog; path = Assets.xcassets; sourceTree = "<group>"; };
		A46E6C0A2044648A000D1DAA /* Base */ = {isa = PBXFileReference; lastKnownFileType = file.storyboard; name = Base; path = Base.lproj/LaunchScreen.storyboard; sourceTree = "<group>"; };
		A46E6C0C2044648A000D1DAA /* Info.plist */ = {isa = PBXFileReference; lastKnownFileType = text.plist.xml; path = Info.plist; sourceTree = "<group>"; };
		A46E6C0D2044648A000D1DAA /* main.m */ = {isa = PBXFileReference; lastKnownFileType = sourcecode.c.objc; path = main.m; sourceTree = "<group>"; };
		A46E6C15204467F4000D1DAA /* BlockHook.h */ = {isa = PBXFileReference; lastKnownFileType = sourcecode.c.h; path = BlockHook.h; sourceTree = "<group>"; };
		A46E6C16204467F4000D1DAA /* BlockHook.m */ = {isa = PBXFileReference; lastKnownFileType = sourcecode.c.objc; path = BlockHook.m; sourceTree = "<group>"; };
/* End PBXFileReference section */

/* Begin PBXFrameworksBuildPhase section */
		A46E6BF82044648A000D1DAA /* Frameworks */ = {
			isa = PBXFrameworksBuildPhase;
			buildActionMask = 2147483647;
			files = (
			);
			runOnlyForDeploymentPostprocessing = 0;
		};
/* End PBXFrameworksBuildPhase section */

/* Begin PBXGroup section */
		A46E6BF220446489000D1DAA = {
			isa = PBXGroup;
			children = (
				A46E6C14204464B7000D1DAA /* BlockHook */,
				A46E6BFD2044648A000D1DAA /* BlockHookSample */,
				A46E6BFC2044648A000D1DAA /* Products */,
			);
			sourceTree = "<group>";
		};
		A46E6BFC2044648A000D1DAA /* Products */ = {
			isa = PBXGroup;
			children = (
				A46E6BFB2044648A000D1DAA /* BlockHookSample.app */,
			);
			name = Products;
			sourceTree = "<group>";
		};
		A46E6BFD2044648A000D1DAA /* BlockHookSample */ = {
			isa = PBXGroup;
			children = (
				A46E6BFE2044648A000D1DAA /* AppDelegate.h */,
				A46E6BFF2044648A000D1DAA /* AppDelegate.m */,
				A46E6C012044648A000D1DAA /* ViewController.h */,
				A46E6C022044648A000D1DAA /* ViewController.m */,
				A46E6C042044648A000D1DAA /* Main.storyboard */,
				A46E6C072044648A000D1DAA /* Assets.xcassets */,
				A46E6C092044648A000D1DAA /* LaunchScreen.storyboard */,
				A46E6C0C2044648A000D1DAA /* Info.plist */,
				A46E6C0D2044648A000D1DAA /* main.m */,
			);
			path = BlockHookSample;
			sourceTree = "<group>";
		};
		A46E6C14204464B7000D1DAA /* BlockHook */ = {
			isa = PBXGroup;
			children = (
				A46E6C15204467F4000D1DAA /* BlockHook.h */,
				A46E6C16204467F4000D1DAA /* BlockHook.m */,
			);
			path = BlockHook;
			sourceTree = "<group>";
		};
/* End PBXGroup section */

/* Begin PBXNativeTarget section */
		A46E6BFA2044648A000D1DAA /* BlockHookSample */ = {
			isa = PBXNativeTarget;
			buildConfigurationList = A46E6C112044648A000D1DAA /* Build configuration list for PBXNativeTarget "BlockHookSample" */;
			buildPhases = (
				A46E6BF72044648A000D1DAA /* Sources */,
				A46E6BF82044648A000D1DAA /* Frameworks */,
				A46E6BF92044648A000D1DAA /* Resources */,
			);
			buildRules = (
			);
			dependencies = (
			);
			name = BlockHookSample;
			productName = BlockHookSample;
			productReference = A46E6BFB2044648A000D1DAA /* BlockHookSample.app */;
			productType = "com.apple.product-type.application";
		};
/* End PBXNativeTarget section */

/* Begin PBXProject section */
		A46E6BF320446489000D1DAA /* Project object */ = {
			isa = PBXProject;
			attributes = {
				LastUpgradeCheck = 0920;
				ORGANIZATIONNAME = "杨萧玉";
				TargetAttributes = {
					A46E6BFA2044648A000D1DAA = {
						CreatedOnToolsVersion = 9.2;
						ProvisioningStyle = Automatic;
					};
				};
			};
			buildConfigurationList = A46E6BF620446489000D1DAA /* Build configuration list for PBXProject "BlockHookSample" */;
			compatibilityVersion = "Xcode 8.0";
			developmentRegion = en;
			hasScannedForEncodings = 0;
			knownRegions = (
				en,
				Base,
			);
			mainGroup = A46E6BF220446489000D1DAA;
			productRefGroup = A46E6BFC2044648A000D1DAA /* Products */;
			projectDirPath = "";
			projectRoot = "";
			targets = (
				A46E6BFA2044648A000D1DAA /* BlockHookSample */,
			);
		};
/* End PBXProject section */

/* Begin PBXResourcesBuildPhase section */
		A46E6BF92044648A000D1DAA /* Resources */ = {
			isa = PBXResourcesBuildPhase;
			buildActionMask = 2147483647;
			files = (
				A46E6C0B2044648A000D1DAA /* LaunchScreen.storyboard in Resources */,
				A46E6C082044648A000D1DAA /* Assets.xcassets in Resources */,
				A46E6C062044648A000D1DAA /* Main.storyboard in Resources */,
			);
			runOnlyForDeploymentPostprocessing = 0;
		};
/* End PBXResourcesBuildPhase section */

/* Begin PBXSourcesBuildPhase section */
		A46E6BF72044648A000D1DAA /* Sources */ = {
			isa = PBXSourcesBuildPhase;
			buildActionMask = 2147483647;
			files = (
				A46E6C032044648A000D1DAA /* ViewController.m in Sources */,
				A46E6C17204467F4000D1DAA /* BlockHook.m in Sources */,
				A46E6C0E2044648A000D1DAA /* main.m in Sources */,
				A46E6C002044648A000D1DAA /* AppDelegate.m in Sources */,
			);
			runOnlyForDeploymentPostprocessing = 0;
		};
/* End PBXSourcesBuildPhase section */

/* Begin PBXVariantGroup section */
		A46E6C042044648A000D1DAA /* Main.storyboard */ = {
			isa = PBXVariantGroup;
			children = (
				A46E6C052044648A000D1DAA /* Base */,
			);
			name = Main.storyboard;
			sourceTree = "<group>";
		};
		A46E6C092044648A000D1DAA /* LaunchScreen.storyboard */ = {
			isa = PBXVariantGroup;
			children = (
				A46E6C0A2044648A000D1DAA /* Base */,
			);
			name = LaunchScreen.storyboard;
			sourceTree = "<group>";
		};
/* End PBXVariantGroup section */

/* Begin XCBuildConfiguration section */
		A46E6C0F2044648A000D1DAA /* Debug */ = {
			isa = XCBuildConfiguration;
			buildSettings = {
				ALWAYS_SEARCH_USER_PATHS = NO;
				CLANG_ANALYZER_NONNULL = YES;
				CLANG_ANALYZER_NUMBER_OBJECT_CONVERSION = YES_AGGRESSIVE;
				CLANG_CXX_LANGUAGE_STANDARD = "gnu++14";
				CLANG_CXX_LIBRARY = "libc++";
				CLANG_ENABLE_MODULES = YES;
				CLANG_ENABLE_OBJC_ARC = YES;
				CLANG_WARN_BLOCK_CAPTURE_AUTORELEASING = YES;
				CLANG_WARN_BOOL_CONVERSION = YES;
				CLANG_WARN_COMMA = YES;
				CLANG_WARN_CONSTANT_CONVERSION = YES;
				CLANG_WARN_DIRECT_OBJC_ISA_USAGE = YES_ERROR;
				CLANG_WARN_DOCUMENTATION_COMMENTS = YES;
				CLANG_WARN_EMPTY_BODY = YES;
				CLANG_WARN_ENUM_CONVERSION = YES;
				CLANG_WARN_INFINITE_RECURSION = YES;
				CLANG_WARN_INT_CONVERSION = YES;
				CLANG_WARN_NON_LITERAL_NULL_CONVERSION = YES;
				CLANG_WARN_OBJC_LITERAL_CONVERSION = YES;
				CLANG_WARN_OBJC_ROOT_CLASS = YES_ERROR;
				CLANG_WARN_RANGE_LOOP_ANALYSIS = YES;
				CLANG_WARN_STRICT_PROTOTYPES = YES;
				CLANG_WARN_SUSPICIOUS_MOVE = YES;
				CLANG_WARN_UNGUARDED_AVAILABILITY = YES_AGGRESSIVE;
				CLANG_WARN_UNREACHABLE_CODE = YES;
				CLANG_WARN__DUPLICATE_METHOD_MATCH = YES;
				CODE_SIGN_IDENTITY = "iPhone Developer";
				COPY_PHASE_STRIP = NO;
				DEBUG_INFORMATION_FORMAT = dwarf;
				ENABLE_STRICT_OBJC_MSGSEND = YES;
				ENABLE_TESTABILITY = YES;
				GCC_C_LANGUAGE_STANDARD = gnu11;
				GCC_DYNAMIC_NO_PIC = NO;
				GCC_NO_COMMON_BLOCKS = YES;
				GCC_OPTIMIZATION_LEVEL = 0;
				GCC_PREPROCESSOR_DEFINITIONS = (
					"DEBUG=1",
					"$(inherited)",
				);
				GCC_WARN_64_TO_32_BIT_CONVERSION = YES;
				GCC_WARN_ABOUT_RETURN_TYPE = YES_ERROR;
				GCC_WARN_UNDECLARED_SELECTOR = YES;
				GCC_WARN_UNINITIALIZED_AUTOS = YES_AGGRESSIVE;
				GCC_WARN_UNUSED_FUNCTION = YES;
				GCC_WARN_UNUSED_VARIABLE = YES;
				IPHONEOS_DEPLOYMENT_TARGET = 11.2;
				MTL_ENABLE_DEBUG_INFO = YES;
				ONLY_ACTIVE_ARCH = YES;
				SDKROOT = iphoneos;
			};
			name = Debug;
		};
		A46E6C102044648A000D1DAA /* Release */ = {
			isa = XCBuildConfiguration;
			buildSettings = {
				ALWAYS_SEARCH_USER_PATHS = NO;
				CLANG_ANALYZER_NONNULL = YES;
				CLANG_ANALYZER_NUMBER_OBJECT_CONVERSION = YES_AGGRESSIVE;
				CLANG_CXX_LANGUAGE_STANDARD = "gnu++14";
				CLANG_CXX_LIBRARY = "libc++";
				CLANG_ENABLE_MODULES = YES;
				CLANG_ENABLE_OBJC_ARC = YES;
				CLANG_WARN_BLOCK_CAPTURE_AUTORELEASING = YES;
				CLANG_WARN_BOOL_CONVERSION = YES;
				CLANG_WARN_COMMA = YES;
				CLANG_WARN_CONSTANT_CONVERSION = YES;
				CLANG_WARN_DIRECT_OBJC_ISA_USAGE = YES_ERROR;
				CLANG_WARN_DOCUMENTATION_COMMENTS = YES;
				CLANG_WARN_EMPTY_BODY = YES;
				CLANG_WARN_ENUM_CONVERSION = YES;
				CLANG_WARN_INFINITE_RECURSION = YES;
				CLANG_WARN_INT_CONVERSION = YES;
				CLANG_WARN_NON_LITERAL_NULL_CONVERSION = YES;
				CLANG_WARN_OBJC_LITERAL_CONVERSION = YES;
				CLANG_WARN_OBJC_ROOT_CLASS = YES_ERROR;
				CLANG_WARN_RANGE_LOOP_ANALYSIS = YES;
				CLANG_WARN_STRICT_PROTOTYPES = YES;
				CLANG_WARN_SUSPICIOUS_MOVE = YES;
				CLANG_WARN_UNGUARDED_AVAILABILITY = YES_AGGRESSIVE;
				CLANG_WARN_UNREACHABLE_CODE = YES;
				CLANG_WARN__DUPLICATE_METHOD_MATCH = YES;
				CODE_SIGN_IDENTITY = "iPhone Developer";
				COPY_PHASE_STRIP = NO;
				DEBUG_INFORMATION_FORMAT = "dwarf-with-dsym";
				ENABLE_NS_ASSERTIONS = NO;
				ENABLE_STRICT_OBJC_MSGSEND = YES;
				GCC_C_LANGUAGE_STANDARD = gnu11;
				GCC_NO_COMMON_BLOCKS = YES;
				GCC_WARN_64_TO_32_BIT_CONVERSION = YES;
				GCC_WARN_ABOUT_RETURN_TYPE = YES_ERROR;
				GCC_WARN_UNDECLARED_SELECTOR = YES;
				GCC_WARN_UNINITIALIZED_AUTOS = YES_AGGRESSIVE;
				GCC_WARN_UNUSED_FUNCTION = YES;
				GCC_WARN_UNUSED_VARIABLE = YES;
				IPHONEOS_DEPLOYMENT_TARGET = 11.2;
				MTL_ENABLE_DEBUG_INFO = NO;
				SDKROOT = iphoneos;
				VALIDATE_PRODUCT = YES;
			};
			name = Release;
		};
		A46E6C122044648A000D1DAA /* Debug */ = {
			isa = XCBuildConfiguration;
			buildSettings = {
				ASSETCATALOG_COMPILER_APPICON_NAME = AppIcon;
				CODE_SIGN_STYLE = Automatic;
				DEVELOPMENT_TEAM = D3RCVUP6VH;
				HEADER_SEARCH_PATHS = "libffi/**";
				INFOPLIST_FILE = BlockHookSample/Info.plist;
				LD_RUNPATH_SEARCH_PATHS = "$(inherited) @executable_path/Frameworks";
				OTHER_LDFLAGS = libffi/libffi.a;
				PRODUCT_BUNDLE_IDENTIFIER = com.yulingtianxia.BlockHookSample;
				PRODUCT_NAME = "$(TARGET_NAME)";
				TARGETED_DEVICE_FAMILY = "1,2";
			};
			name = Debug;
		};
		A46E6C132044648A000D1DAA /* Release */ = {
			isa = XCBuildConfiguration;
			buildSettings = {
				ASSETCATALOG_COMPILER_APPICON_NAME = AppIcon;
				CODE_SIGN_STYLE = Automatic;
				DEVELOPMENT_TEAM = D3RCVUP6VH;
				HEADER_SEARCH_PATHS = "libffi/**";
				INFOPLIST_FILE = BlockHookSample/Info.plist;
				LD_RUNPATH_SEARCH_PATHS = "$(inherited) @executable_path/Frameworks";
				OTHER_LDFLAGS = libffi/libffi.a;
				PRODUCT_BUNDLE_IDENTIFIER = com.yulingtianxia.BlockHookSample;
				PRODUCT_NAME = "$(TARGET_NAME)";
				TARGETED_DEVICE_FAMILY = "1,2";
			};
			name = Release;
		};
/* End XCBuildConfiguration section */

/* Begin XCConfigurationList section */
		A46E6BF620446489000D1DAA /* Build configuration list for PBXProject "BlockHookSample" */ = {
			isa = XCConfigurationList;
			buildConfigurations = (
				A46E6C0F2044648A000D1DAA /* Debug */,
				A46E6C102044648A000D1DAA /* Release */,
			);
			defaultConfigurationIsVisible = 0;
			defaultConfigurationName = Release;
		};
		A46E6C112044648A000D1DAA /* Build configuration list for PBXNativeTarget "BlockHookSample" */ = {
			isa = XCConfigurationList;
			buildConfigurations = (
				A46E6C122044648A000D1DAA /* Debug */,
				A46E6C132044648A000D1DAA /* Release */,
			);
			defaultConfigurationIsVisible = 0;
			defaultConfigurationName = Release;
		};
/* End XCConfigurationList section */
	};
	rootObject = A46E6BF320446489000D1DAA /* Project object */;
}
